// !$*UTF8*$!
{
	archiveVersion = 1;
	classes = {
	};
	objectVersion = 46;
	objects = {

/* Begin PBXBuildFile section */
		1894C3CB1CD8E54C00641572 /* LGZEssenceViewController.m in Sources */ = {isa = PBXBuildFile; fileRef = 1894C3A61CD8E54C00641572 /* LGZEssenceViewController.m */; };
		1894C3CC1CD8E54C00641572 /* LGZFriendTrendsViewController.m in Sources */ = {isa = PBXBuildFile; fileRef = 1894C3AC1CD8E54C00641572 /* LGZFriendTrendsViewController.m */; };
		1894C3CD1CD8E54C00641572 /* LGZMeViewController.m in Sources */ = {isa = PBXBuildFile; fileRef = 1894C3B21CD8E54C00641572 /* LGZMeViewController.m */; };
		1894C3CE1CD8E54C00641572 /* LGZNewViewController.m in Sources */ = {isa = PBXBuildFile; fileRef = 1894C3B81CD8E54C00641572 /* LGZNewViewController.m */; };
		1894C3CF1CD8E54C00641572 /* AppDelegate.m in Sources */ = {isa = PBXBuildFile; fileRef = 1894C3BD1CD8E54C00641572 /* AppDelegate.m */; };
		1894C3D01CD8E54C00641572 /* LGZTabBarController.m in Sources */ = {isa = PBXBuildFile; fileRef = 1894C3C01CD8E54C00641572 /* LGZTabBarController.m */; };
		1894C3D11CD8E54C00641572 /* UIBarButtonItem+LGZExtension.m in Sources */ = {isa = PBXBuildFile; fileRef = 1894C3C31CD8E54C00641572 /* UIBarButtonItem+LGZExtension.m */; };
		1894C3D21CD8E54C00641572 /* UIView+LGZExtension.m in Sources */ = {isa = PBXBuildFile; fileRef = 1894C3C51CD8E54C00641572 /* UIView+LGZExtension.m */; };
		1894C3D31CD8E54C00641572 /* main.m in Sources */ = {isa = PBXBuildFile; fileRef = 1894C3C61CD8E54C00641572 /* main.m */; };
		1894C3D41CD8E54C00641572 /* LGZTabBar.m in Sources */ = {isa = PBXBuildFile; fileRef = 1894C3CA1CD8E54C00641572 /* LGZTabBar.m */; };
		189FD4F71CD883810022DFA9 /* Assets.xcassets in Resources */ = {isa = PBXBuildFile; fileRef = 189FD4F61CD883810022DFA9 /* Assets.xcassets */; };
		189FD5051CD883810022DFA9 /* _____Tests.m in Sources */ = {isa = PBXBuildFile; fileRef = 189FD5041CD883810022DFA9 /* _____Tests.m */; };
		189FD5101CD883810022DFA9 /* _____UITests.m in Sources */ = {isa = PBXBuildFile; fileRef = 189FD50F1CD883810022DFA9 /* _____UITests.m */; };
/* End PBXBuildFile section */

/* Begin PBXContainerItemProxy section */
		189FD5011CD883810022DFA9 /* PBXContainerItemProxy */ = {
			isa = PBXContainerItemProxy;
			containerPortal = 189FD4DF1CD883810022DFA9 /* Project object */;
			proxyType = 1;
			remoteGlobalIDString = 189FD4E61CD883810022DFA9;
			remoteInfo = "百思不得姐";
		};
		189FD50C1CD883810022DFA9 /* PBXContainerItemProxy */ = {
			isa = PBXContainerItemProxy;
			containerPortal = 189FD4DF1CD883810022DFA9 /* Project object */;
			proxyType = 1;
			remoteGlobalIDString = 189FD4E61CD883810022DFA9;
			remoteInfo = "百思不得姐";
		};
/* End PBXContainerItemProxy section */

/* Begin PBXFileReference section */
		1894C3A51CD8E54C00641572 /* LGZEssenceViewController.h */ = {isa = PBXFileReference; fileEncoding = 4; lastKnownFileType = sourcecode.c.h; path = LGZEssenceViewController.h; sourceTree = "<group>"; };
		1894C3A61CD8E54C00641572 /* LGZEssenceViewController.m */ = {isa = PBXFileReference; fileEncoding = 4; lastKnownFileType = sourcecode.c.objc; path = LGZEssenceViewController.m; sourceTree = "<group>"; };
		1894C3AB1CD8E54C00641572 /* LGZFriendTrendsViewController.h */ = {isa = PBXFileReference; fileEncoding = 4; lastKnownFileType = sourcecode.c.h; path = LGZFriendTrendsViewController.h; sourceTree = "<group>"; };
		1894C3AC1CD8E54C00641572 /* LGZFriendTrendsViewController.m */ = {isa = PBXFileReference; fileEncoding = 4; lastKnownFileType = sourcecode.c.objc; path = LGZFriendTrendsViewController.m; sourceTree = "<group>"; };
		1894C3B11CD8E54C00641572 /* LGZMeViewController.h */ = {isa = PBXFileReference; fileEncoding = 4; lastKnownFileType = sourcecode.c.h; path = LGZMeViewController.h; sourceTree = "<group>"; };
		1894C3B21CD8E54C00641572 /* LGZMeViewController.m */ = {isa = PBXFileReference; fileEncoding = 4; lastKnownFileType = sourcecode.c.objc; path = LGZMeViewController.m; sourceTree = "<group>"; };
		1894C3B71CD8E54C00641572 /* LGZNewViewController.h */ = {isa = PBXFileReference; fileEncoding = 4; lastKnownFileType = sourcecode.c.h; path = LGZNewViewController.h; sourceTree = "<group>"; };
		1894C3B81CD8E54C00641572 /* LGZNewViewController.m */ = {isa = PBXFileReference; fileEncoding = 4; lastKnownFileType = sourcecode.c.objc; path = LGZNewViewController.m; sourceTree = "<group>"; };
		1894C3BC1CD8E54C00641572 /* AppDelegate.h */ = {isa = PBXFileReference; fileEncoding = 4; lastKnownFileType = sourcecode.c.h; path = AppDelegate.h; sourceTree = "<group>"; };
		1894C3BD1CD8E54C00641572 /* AppDelegate.m */ = {isa = PBXFileReference; fileEncoding = 4; lastKnownFileType = sourcecode.c.objc; path = AppDelegate.m; sourceTree = "<group>"; };
		1894C3BF1CD8E54C00641572 /* LGZTabBarController.h */ = {isa = PBXFileReference; fileEncoding = 4; lastKnownFileType = sourcecode.c.h; path = LGZTabBarController.h; sourceTree = "<group>"; };
		1894C3C01CD8E54C00641572 /* LGZTabBarController.m */ = {isa = PBXFileReference; fileEncoding = 4; lastKnownFileType = sourcecode.c.objc; path = LGZTabBarController.m; sourceTree = "<group>"; };
		1894C3C21CD8E54C00641572 /* UIBarButtonItem+LGZExtension.h */ = {isa = PBXFileReference; fileEncoding = 4; lastKnownFileType = sourcecode.c.h; path = "UIBarButtonItem+LGZExtension.h"; sourceTree = "<group>"; };
		1894C3C31CD8E54C00641572 /* UIBarButtonItem+LGZExtension.m */ = {isa = PBXFileReference; fileEncoding = 4; lastKnownFileType = sourcecode.c.objc; path = "UIBarButtonItem+LGZExtension.m"; sourceTree = "<group>"; };
		1894C3C41CD8E54C00641572 /* UIView+LGZExtension.h */ = {isa = PBXFileReference; fileEncoding = 4; lastKnownFileType = sourcecode.c.h; path = "UIView+LGZExtension.h"; sourceTree = "<group>"; };
		1894C3C51CD8E54C00641572 /* UIView+LGZExtension.m */ = {isa = PBXFileReference; fileEncoding = 4; lastKnownFileType = sourcecode.c.objc; path = "UIView+LGZExtension.m"; sourceTree = "<group>"; };
		1894C3C61CD8E54C00641572 /* main.m */ = {isa = PBXFileReference; fileEncoding = 4; lastKnownFileType = sourcecode.c.objc; path = main.m; sourceTree = "<group>"; };
		1894C3C71CD8E54C00641572 /* PrefixHeader.pch */ = {isa = PBXFileReference; fileEncoding = 4; lastKnownFileType = sourcecode.c.h; path = PrefixHeader.pch; sourceTree = "<group>"; };
		1894C3C91CD8E54C00641572 /* LGZTabBar.h */ = {isa = PBXFileReference; fileEncoding = 4; lastKnownFileType = sourcecode.c.h; path = LGZTabBar.h; sourceTree = "<group>"; };
		1894C3CA1CD8E54C00641572 /* LGZTabBar.m */ = {isa = PBXFileReference; fileEncoding = 4; lastKnownFileType = sourcecode.c.objc; path = LGZTabBar.m; sourceTree = "<group>"; };
		189FD4E71CD883810022DFA9 /* 百思不得姐.app */ = {isa = PBXFileReference; explicitFileType = wrapper.application; includeInIndex = 0; path = "百思不得姐.app"; sourceTree = BUILT_PRODUCTS_DIR; };
		189FD4F61CD883810022DFA9 /* Assets.xcassets */ = {isa = PBXFileReference; lastKnownFileType = folder.assetcatalog; path = Assets.xcassets; sourceTree = "<group>"; };
		189FD4FB1CD883810022DFA9 /* Info.plist */ = {isa = PBXFileReference; lastKnownFileType = text.plist.xml; path = Info.plist; sourceTree = "<group>"; };
		189FD5001CD883810022DFA9 /* 百思不得姐Tests.xctest */ = {isa = PBXFileReference; explicitFileType = wrapper.cfbundle; includeInIndex = 0; path = "百思不得姐Tests.xctest"; sourceTree = BUILT_PRODUCTS_DIR; };
		189FD5041CD883810022DFA9 /* _____Tests.m */ = {isa = PBXFileReference; lastKnownFileType = sourcecode.c.objc; path = "_____Tests.m"; sourceTree = "<group>"; };
		189FD5061CD883810022DFA9 /* Info.plist */ = {isa = PBXFileReference; lastKnownFileType = text.plist.xml; path = Info.plist; sourceTree = "<group>"; };
		189FD50B1CD883810022DFA9 /* 百思不得姐UITests.xctest */ = {isa = PBXFileReference; explicitFileType = wrapper.cfbundle; includeInIndex = 0; path = "百思不得姐UITests.xctest"; sourceTree = BUILT_PRODUCTS_DIR; };
		189FD50F1CD883810022DFA9 /* _____UITests.m */ = {isa = PBXFileReference; lastKnownFileType = sourcecode.c.objc; path = "_____UITests.m"; sourceTree = "<group>"; };
		189FD5111CD883810022DFA9 /* Info.plist */ = {isa = PBXFileReference; lastKnownFileType = text.plist.xml; path = Info.plist; sourceTree = "<group>"; };
/* End PBXFileReference section */

/* Begin PBXFrameworksBuildPhase section */
		189FD4E41CD883810022DFA9 /* Frameworks */ = {
			isa = PBXFrameworksBuildPhase;
			buildActionMask = 2147483647;
			files = (
			);
			runOnlyForDeploymentPostprocessing = 0;
		};
		189FD4FD1CD883810022DFA9 /* Frameworks */ = {
			isa = PBXFrameworksBuildPhase;
			buildActionMask = 2147483647;
			files = (
			);
			runOnlyForDeploymentPostprocessing = 0;
		};
		189FD5081CD883810022DFA9 /* Frameworks */ = {
			isa = PBXFrameworksBuildPhase;
			buildActionMask = 2147483647;
			files = (
			);
			runOnlyForDeploymentPostprocessing = 0;
		};
/* End PBXFrameworksBuildPhase section */

/* Begin PBXGroup section */
		1894C3A21CD8E54C00641572 /* Classes */ = {
			isa = PBXGroup;
			children = (
				1894C3A31CD8E54C00641572 /* Essence - 精华 */,
				1894C3A91CD8E54C00641572 /* FriendTRance - 新帖 */,
				1894C3AF1CD8E54C00641572 /* Me - 我 */,
				1894C3B51CD8E54C00641572 /* New - 关注 */,
				1894C3BB1CD8E54C00641572 /* Other - 其他 */,
			);
			path = Classes;
			sourceTree = "<group>";
		};
		1894C3A31CD8E54C00641572 /* Essence - 精华 */ = {
			isa = PBXGroup;
			children = (
				1894C3A41CD8E54C00641572 /* C */,
				1894C3A71CD8E54C00641572 /* M */,
				1894C3A81CD8E54C00641572 /* V */,
			);
			path = "Essence - 精华";
			sourceTree = "<group>";
		};
		1894C3A41CD8E54C00641572 /* C */ = {
			isa = PBXGroup;
			children = (
				1894C3A51CD8E54C00641572 /* LGZEssenceViewController.h */,
				1894C3A61CD8E54C00641572 /* LGZEssenceViewController.m */,
			);
			path = C;
			sourceTree = "<group>";
		};
		1894C3A71CD8E54C00641572 /* M */ = {
			isa = PBXGroup;
			children = (
			);
			path = M;
			sourceTree = "<group>";
		};
		1894C3A81CD8E54C00641572 /* V */ = {
			isa = PBXGroup;
			children = (
			);
			path = V;
			sourceTree = "<group>";
		};
		1894C3A91CD8E54C00641572 /* FriendTRance - 新帖 */ = {
			isa = PBXGroup;
			children = (
				1894C3AA1CD8E54C00641572 /* C */,
				1894C3AD1CD8E54C00641572 /* M */,
				1894C3AE1CD8E54C00641572 /* V */,
			);
			path = "FriendTRance - 新帖";
			sourceTree = "<group>";
		};
		1894C3AA1CD8E54C00641572 /* C */ = {
			isa = PBXGroup;
			children = (
				1894C3AB1CD8E54C00641572 /* LGZFriendTrendsViewController.h */,
				1894C3AC1CD8E54C00641572 /* LGZFriendTrendsViewController.m */,
			);
			path = C;
			sourceTree = "<group>";
		};
		1894C3AD1CD8E54C00641572 /* M */ = {
			isa = PBXGroup;
			children = (
			);
			path = M;
			sourceTree = "<group>";
		};
		1894C3AE1CD8E54C00641572 /* V */ = {
			isa = PBXGroup;
			children = (
			);
			path = V;
			sourceTree = "<group>";
		};
		1894C3AF1CD8E54C00641572 /* Me - 我 */ = {
			isa = PBXGroup;
			children = (
				1894C3B01CD8E54C00641572 /* C */,
				1894C3B31CD8E54C00641572 /* M */,
				1894C3B41CD8E54C00641572 /* V */,
			);
			path = "Me - 我";
			sourceTree = "<group>";
		};
		1894C3B01CD8E54C00641572 /* C */ = {
			isa = PBXGroup;
			children = (
				1894C3B11CD8E54C00641572 /* LGZMeViewController.h */,
				1894C3B21CD8E54C00641572 /* LGZMeViewController.m */,
			);
			path = C;
			sourceTree = "<group>";
		};
		1894C3B31CD8E54C00641572 /* M */ = {
			isa = PBXGroup;
			children = (
			);
			path = M;
			sourceTree = "<group>";
		};
		1894C3B41CD8E54C00641572 /* V */ = {
			isa = PBXGroup;
			children = (
			);
			path = V;
			sourceTree = "<group>";
		};
		1894C3B51CD8E54C00641572 /* New - 关注 */ = {
			isa = PBXGroup;
			children = (
				1894C3B61CD8E54C00641572 /* C */,
				1894C3B91CD8E54C00641572 /* M */,
				1894C3BA1CD8E54C00641572 /* V */,
			);
			path = "New - 关注";
			sourceTree = "<group>";
		};
		1894C3B61CD8E54C00641572 /* C */ = {
			isa = PBXGroup;
			children = (
				1894C3B71CD8E54C00641572 /* LGZNewViewController.h */,
				1894C3B81CD8E54C00641572 /* LGZNewViewController.m */,
			);
			path = C;
			sourceTree = "<group>";
		};
		1894C3B91CD8E54C00641572 /* M */ = {
			isa = PBXGroup;
			children = (
			);
			path = M;
			sourceTree = "<group>";
		};
		1894C3BA1CD8E54C00641572 /* V */ = {
			isa = PBXGroup;
			children = (
			);
			path = V;
			sourceTree = "<group>";
		};
		1894C3BB1CD8E54C00641572 /* Other - 其他 */ = {
			isa = PBXGroup;
			children = (
				1894C3BC1CD8E54C00641572 /* AppDelegate.h */,
				1894C3BD1CD8E54C00641572 /* AppDelegate.m */,
				1894C3BE1CD8E54C00641572 /* C */,
				1894C3C11CD8E54C00641572 /* Category - 类扩展 */,
				1894C3C61CD8E54C00641572 /* main.m */,
				1894C3C71CD8E54C00641572 /* PrefixHeader.pch */,
				1894C3C81CD8E54C00641572 /* V */,
			);
			path = "Other - 其他";
			sourceTree = "<group>";
		};
		1894C3BE1CD8E54C00641572 /* C */ = {
			isa = PBXGroup;
			children = (
				1894C3BF1CD8E54C00641572 /* LGZTabBarController.h */,
				1894C3C01CD8E54C00641572 /* LGZTabBarController.m */,
			);
			path = C;
			sourceTree = "<group>";
		};
		1894C3C11CD8E54C00641572 /* Category - 类扩展 */ = {
			isa = PBXGroup;
			children = (
				1894C3C21CD8E54C00641572 /* UIBarButtonItem+LGZExtension.h */,
				1894C3C31CD8E54C00641572 /* UIBarButtonItem+LGZExtension.m */,
				1894C3C41CD8E54C00641572 /* UIView+LGZExtension.h */,
				1894C3C51CD8E54C00641572 /* UIView+LGZExtension.m */,
			);
			path = "Category - 类扩展";
			sourceTree = "<group>";
		};
		1894C3C81CD8E54C00641572 /* V */ = {
			isa = PBXGroup;
			children = (
				1894C3C91CD8E54C00641572 /* LGZTabBar.h */,
				1894C3CA1CD8E54C00641572 /* LGZTabBar.m */,
			);
			path = V;
			sourceTree = "<group>";
		};
		189FD4DE1CD883810022DFA9 = {
			isa = PBXGroup;
			children = (
				189FD4E91CD883810022DFA9 /* 百思不得姐 */,
				189FD5031CD883810022DFA9 /* 百思不得姐Tests */,
				189FD50E1CD883810022DFA9 /* 百思不得姐UITests */,
				189FD4E81CD883810022DFA9 /* Products */,
			);
			sourceTree = "<group>";
		};
		189FD4E81CD883810022DFA9 /* Products */ = {
			isa = PBXGroup;
			children = (
				189FD4E71CD883810022DFA9 /* 百思不得姐.app */,
				189FD5001CD883810022DFA9 /* 百思不得姐Tests.xctest */,
				189FD50B1CD883810022DFA9 /* 百思不得姐UITests.xctest */,
			);
			name = Products;
			sourceTree = "<group>";
		};
		189FD4E91CD883810022DFA9 /* 百思不得姐 */ = {
			isa = PBXGroup;
			children = (
				1894C3A21CD8E54C00641572 /* Classes */,
				189FD4EA1CD883810022DFA9 /* Supporting Files */,
			);
			path = "百思不得姐";
			sourceTree = "<group>";
		};
		189FD4EA1CD883810022DFA9 /* Supporting Files */ = {
			isa = PBXGroup;
			children = (
				189FD4F61CD883810022DFA9 /* Assets.xcassets */,
				189FD4FB1CD883810022DFA9 /* Info.plist */,
			);
			name = "Supporting Files";
			sourceTree = "<group>";
		};
		189FD5031CD883810022DFA9 /* 百思不得姐Tests */ = {
			isa = PBXGroup;
			children = (
				189FD5041CD883810022DFA9 /* _____Tests.m */,
				189FD5061CD883810022DFA9 /* Info.plist */,
			);
			path = "百思不得姐Tests";
			sourceTree = "<group>";
		};
		189FD50E1CD883810022DFA9 /* 百思不得姐UITests */ = {
			isa = PBXGroup;
			children = (
				189FD50F1CD883810022DFA9 /* _____UITests.m */,
				189FD5111CD883810022DFA9 /* Info.plist */,
			);
			path = "百思不得姐UITests";
			sourceTree = "<group>";
		};
/* End PBXGroup section */

/* Begin PBXNativeTarget section */
		189FD4E61CD883810022DFA9 /* 百思不得姐 */ = {
			isa = PBXNativeTarget;
			buildConfigurationList = 189FD5141CD883810022DFA9 /* Build configuration list for PBXNativeTarget "百思不得姐" */;
			buildPhases = (
				189FD4E31CD883810022DFA9 /* Sources */,
				189FD4E41CD883810022DFA9 /* Frameworks */,
				189FD4E51CD883810022DFA9 /* Resources */,
			);
			buildRules = (
			);
			dependencies = (
			);
			name = "百思不得姐";
			productName = "百思不得姐";
			productReference = 189FD4E71CD883810022DFA9 /* 百思不得姐.app */;
			productType = "com.apple.product-type.application";
		};
		189FD4FF1CD883810022DFA9 /* 百思不得姐Tests */ = {
			isa = PBXNativeTarget;
			buildConfigurationList = 189FD5171CD883810022DFA9 /* Build configuration list for PBXNativeTarget "百思不得姐Tests" */;
			buildPhases = (
				189FD4FC1CD883810022DFA9 /* Sources */,
				189FD4FD1CD883810022DFA9 /* Frameworks */,
				189FD4FE1CD883810022DFA9 /* Resources */,
			);
			buildRules = (
			);
			dependencies = (
				189FD5021CD883810022DFA9 /* PBXTargetDependency */,
			);
			name = "百思不得姐Tests";
			productName = "百思不得姐Tests";
			productReference = 189FD5001CD883810022DFA9 /* 百思不得姐Tests.xctest */;
			productType = "com.apple.product-type.bundle.unit-test";
		};
		189FD50A1CD883810022DFA9 /* 百思不得姐UITests */ = {
			isa = PBXNativeTarget;
			buildConfigurationList = 189FD51A1CD883810022DFA9 /* Build configuration list for PBXNativeTarget "百思不得姐UITests" */;
			buildPhases = (
				189FD5071CD883810022DFA9 /* Sources */,
				189FD5081CD883810022DFA9 /* Frameworks */,
				189FD5091CD883810022DFA9 /* Resources */,
			);
			buildRules = (
			);
			dependencies = (
				189FD50D1CD883810022DFA9 /* PBXTargetDependency */,
			);
			name = "百思不得姐UITests";
			productName = "百思不得姐UITests";
			productReference = 189FD50B1CD883810022DFA9 /* 百思不得姐UITests.xctest */;
			productType = "com.apple.product-type.bundle.ui-testing";
		};
/* End PBXNativeTarget section */

/* Begin PBXProject section */
		189FD4DF1CD883810022DFA9 /* Project object */ = {
			isa = PBXProject;
			attributes = {
				CLASSPREFIX = LGZ;
				LastUpgradeCheck = 0730;
				ORGANIZATIONNAME = LGZ;
				TargetAttributes = {
					189FD4E61CD883810022DFA9 = {
						CreatedOnToolsVersion = 7.3;
					};
					189FD4FF1CD883810022DFA9 = {
						CreatedOnToolsVersion = 7.3;
						DevelopmentTeam = 57YXPBC398;
						TestTargetID = 189FD4E61CD883810022DFA9;
					};
					189FD50A1CD883810022DFA9 = {
						CreatedOnToolsVersion = 7.3;
						DevelopmentTeam = 57YXPBC398;
						TestTargetID = 189FD4E61CD883810022DFA9;
					};
				};
			};
			buildConfigurationList = 189FD4E21CD883810022DFA9 /* Build configuration list for PBXProject "百思不得姐" */;
			compatibilityVersion = "Xcode 3.2";
			developmentRegion = English;
			hasScannedForEncodings = 0;
			knownRegions = (
				en,
				Base,
			);
			mainGroup = 189FD4DE1CD883810022DFA9;
			productRefGroup = 189FD4E81CD883810022DFA9 /* Products */;
			projectDirPath = "";
			projectRoot = "";
			targets = (
				189FD4E61CD883810022DFA9 /* 百思不得姐 */,
				189FD4FF1CD883810022DFA9 /* 百思不得姐Tests */,
				189FD50A1CD883810022DFA9 /* 百思不得姐UITests */,
			);
		};
/* End PBXProject section */

/* Begin PBXResourcesBuildPhase section */
		189FD4E51CD883810022DFA9 /* Resources */ = {
			isa = PBXResourcesBuildPhase;
			buildActionMask = 2147483647;
			files = (
				189FD4F71CD883810022DFA9 /* Assets.xcassets in Resources */,
			);
			runOnlyForDeploymentPostprocessing = 0;
		};
		189FD4FE1CD883810022DFA9 /* Resources */ = {
			isa = PBXResourcesBuildPhase;
			buildActionMask = 2147483647;
			files = (
			);
			runOnlyForDeploymentPostprocessing = 0;
		};
		189FD5091CD883810022DFA9 /* Resources */ = {
			isa = PBXResourcesBuildPhase;
			buildActionMask = 2147483647;
			files = (
			);
			runOnlyForDeploymentPostprocessing = 0;
		};
/* End PBXResourcesBuildPhase section */

/* Begin PBXSourcesBuildPhase section */
		189FD4E31CD883810022DFA9 /* Sources */ = {
			isa = PBXSourcesBuildPhase;
			buildActionMask = 2147483647;
			files = (
				1894C3D11CD8E54C00641572 /* UIBarButtonItem+LGZExtension.m in Sources */,
				1894C3CC1CD8E54C00641572 /* LGZFriendTrendsViewController.m in Sources */,
				1894C3D01CD8E54C00641572 /* LGZTabBarController.m in Sources */,
				1894C3D41CD8E54C00641572 /* LGZTabBar.m in Sources */,
				1894C3CD1CD8E54C00641572 /* LGZMeViewController.m in Sources */,
				1894C3CB1CD8E54C00641572 /* LGZEssenceViewController.m in Sources */,
				1894C3CE1CD8E54C00641572 /* LGZNewViewController.m in Sources */,
				1894C3D21CD8E54C00641572 /* UIView+LGZExtension.m in Sources */,
				1894C3D31CD8E54C00641572 /* main.m in Sources */,
				1894C3CF1CD8E54C00641572 /* AppDelegate.m in Sources */,
			);
			runOnlyForDeploymentPostprocessing = 0;
		};
		189FD4FC1CD883810022DFA9 /* Sources */ = {
			isa = PBXSourcesBuildPhase;
			buildActionMask = 2147483647;
			files = (
				189FD5051CD883810022DFA9 /* _____Tests.m in Sources */,
			);
			runOnlyForDeploymentPostprocessing = 0;
		};
		189FD5071CD883810022DFA9 /* Sources */ = {
			isa = PBXSourcesBuildPhase;
			buildActionMask = 2147483647;
			files = (
				189FD5101CD883810022DFA9 /* _____UITests.m in Sources */,
			);
			runOnlyForDeploymentPostprocessing = 0;
		};
/* End PBXSourcesBuildPhase section */

/* Begin PBXTargetDependency section */
		189FD5021CD883810022DFA9 /* PBXTargetDependency */ = {
			isa = PBXTargetDependency;
			target = 189FD4E61CD883810022DFA9 /* 百思不得姐 */;
			targetProxy = 189FD5011CD883810022DFA9 /* PBXContainerItemProxy */;
		};
		189FD50D1CD883810022DFA9 /* PBXTargetDependency */ = {
			isa = PBXTargetDependency;
			target = 189FD4E61CD883810022DFA9 /* 百思不得姐 */;
			targetProxy = 189FD50C1CD883810022DFA9 /* PBXContainerItemProxy */;
		};
/* End PBXTargetDependency section */

/* Begin XCBuildConfiguration section */
		189FD5121CD883810022DFA9 /* Debug */ = {
			isa = XCBuildConfiguration;
			buildSettings = {
				ALWAYS_SEARCH_USER_PATHS = NO;
				CLANG_ANALYZER_NONNULL = YES;
				CLANG_CXX_LANGUAGE_STANDARD = "gnu++0x";
				CLANG_CXX_LIBRARY = "libc++";
				CLANG_ENABLE_MODULES = YES;
				CLANG_ENABLE_OBJC_ARC = YES;
				CLANG_WARN_BOOL_CONVERSION = YES;
				CLANG_WARN_CONSTANT_CONVERSION = YES;
				CLANG_WARN_DIRECT_OBJC_ISA_USAGE = YES_ERROR;
				CLANG_WARN_EMPTY_BODY = YES;
				CLANG_WARN_ENUM_CONVERSION = YES;
				CLANG_WARN_INT_CONVERSION = YES;
				CLANG_WARN_OBJC_ROOT_CLASS = YES_ERROR;
				CLANG_WARN_UNREACHABLE_CODE = YES;
				CLANG_WARN__DUPLICATE_METHOD_MATCH = YES;
				"CODE_SIGN_IDENTITY[sdk=iphoneos*]" = "iPhone Developer";
				COPY_PHASE_STRIP = NO;
				DEBUG_INFORMATION_FORMAT = dwarf;
				ENABLE_STRICT_OBJC_MSGSEND = YES;
				ENABLE_TESTABILITY = YES;
				GCC_C_LANGUAGE_STANDARD = gnu99;
				GCC_DYNAMIC_NO_PIC = NO;
				GCC_NO_COMMON_BLOCKS = YES;
				GCC_OPTIMIZATION_LEVEL = 0;
				GCC_PREFIX_HEADER = "百思不得姐/Classes/Other - 其他/PrefixHeader.pch";
				GCC_PREPROCESSOR_DEFINITIONS = (
					"DEBUG=1",
					"$(inherited)",
				);
				GCC_WARN_64_TO_32_BIT_CONVERSION = YES;
				GCC_WARN_ABOUT_RETURN_TYPE = YES_ERROR;
				GCC_WARN_UNDECLARED_SELECTOR = YES;
				GCC_WARN_UNINITIALIZED_AUTOS = YES_AGGRESSIVE;
				GCC_WARN_UNUSED_FUNCTION = YES;
				GCC_WARN_UNUSED_VARIABLE = YES;
				IPHONEOS_DEPLOYMENT_TARGET = 9.3;
				MTL_ENABLE_DEBUG_INFO = YES;
				ONLY_ACTIVE_ARCH = YES;
				SDKROOT = iphoneos;
				TARGETED_DEVICE_FAMILY = "1,2";
			};
			name = Debug;
		};
		189FD5131CD883810022DFA9 /* Release */ = {
			isa = XCBuildConfiguration;
			buildSettings = {
				ALWAYS_SEARCH_USER_PATHS = NO;
				CLANG_ANALYZER_NONNULL = YES;
				CLANG_CXX_LANGUAGE_STANDARD = "gnu++0x";
				CLANG_CXX_LIBRARY = "libc++";
				CLANG_ENABLE_MODULES = YES;
				CLANG_ENABLE_OBJC_ARC = YES;
				CLANG_WARN_BOOL_CONVERSION = YES;
				CLANG_WARN_CONSTANT_CONVERSION = YES;
				CLANG_WARN_DIRECT_OBJC_ISA_USAGE = YES_ERROR;
				CLANG_WARN_EMPTY_BODY = YES;
				CLANG_WARN_ENUM_CONVERSION = YES;
				CLANG_WARN_INT_CONVERSION = YES;
				CLANG_WARN_OBJC_ROOT_CLASS = YES_ERROR;
				CLANG_WARN_UNREACHABLE_CODE = YES;
				CLANG_WARN__DUPLICATE_METHOD_MATCH = YES;
				"CODE_SIGN_IDENTITY[sdk=iphoneos*]" = "iPhone Developer";
				COPY_PHASE_STRIP = NO;
				DEBUG_INFORMATION_FORMAT = "dwarf-with-dsym";
				ENABLE_NS_ASSERTIONS = NO;
				ENABLE_STRICT_OBJC_MSGSEND = YES;
				GCC_C_LANGUAGE_STANDARD = gnu99;
				GCC_NO_COMMON_BLOCKS = YES;
				GCC_PREFIX_HEADER = "百思不得姐/Classes/Other - 其他/PrefixHeader.pch";
				GCC_WARN_64_TO_32_BIT_CONVERSION = YES;
				GCC_WARN_ABOUT_RETURN_TYPE = YES_ERROR;
				GCC_WARN_UNDECLARED_SELECTOR = YES;
				GCC_WARN_UNINITIALIZED_AUTOS = YES_AGGRESSIVE;
				GCC_WARN_UNUSED_FUNCTION = YES;
				GCC_WARN_UNUSED_VARIABLE = YES;
				IPHONEOS_DEPLOYMENT_TARGET = 9.3;
				MTL_ENABLE_DEBUG_INFO = NO;
				SDKROOT = iphoneos;
				TARGETED_DEVICE_FAMILY = "1,2";
				VALIDATE_PRODUCT = YES;
			};
			name = Release;
		};
		189FD5151CD883810022DFA9 /* Debug */ = {
			isa = XCBuildConfiguration;
			buildSettings = {
				ASSETCATALOG_COMPILER_APPICON_NAME = AppIcon;
				ASSETCATALOG_COMPILER_LAUNCHIMAGE_NAME = "Brand Assets";
				CODE_SIGN_IDENTITY = "iPhone Developer";
				"CODE_SIGN_IDENTITY[sdk=iphoneos*]" = "iPhone Developer";
				INFOPLIST_FILE = "百思不得姐/Info.plist";
				IPHONEOS_DEPLOYMENT_TARGET = 8.0;
				LD_RUNPATH_SEARCH_PATHS = "$(inherited) @executable_path/Frameworks";
				PRODUCT_BUNDLE_IDENTIFIER = "luoganzhi.com.-----";
				PRODUCT_NAME = "$(TARGET_NAME)";
				PROVISIONING_PROFILE = "";
				TARGETED_DEVICE_FAMILY = 1;
			};
			name = Debug;
		};
		189FD5161CD883810022DFA9 /* Release */ = {
			isa = XCBuildConfiguration;
			buildSettings = {
				ASSETCATALOG_COMPILER_APPICON_NAME = AppIcon;
				ASSETCATALOG_COMPILER_LAUNCHIMAGE_NAME = "Brand Assets";
				CODE_SIGN_IDENTITY = "iPhone Developer";
				"CODE_SIGN_IDENTITY[sdk=iphoneos*]" = "iPhone Developer";
				INFOPLIST_FILE = "百思不得姐/Info.plist";
				IPHONEOS_DEPLOYMENT_TARGET = 8.0;
				LD_RUNPATH_SEARCH_PATHS = "$(inherited) @executable_path/Frameworks";
				PRODUCT_BUNDLE_IDENTIFIER = "luoganzhi.com.-----";
				PRODUCT_NAME = "$(TARGET_NAME)";
				PROVISIONING_PROFILE = "";
				TARGETED_DEVICE_FAMILY = 1;
			};
			name = Release;
		};
		189FD5181CD883810022DFA9 /* Debug */ = {
			isa = XCBuildConfiguration;
			buildSettings = {
				BUNDLE_LOADER = "$(TEST_HOST)";
				INFOPLIST_FILE = "百思不得姐Tests/Info.plist";
				LD_RUNPATH_SEARCH_PATHS = "$(inherited) @executable_path/Frameworks @loader_path/Frameworks";
				PRODUCT_BUNDLE_IDENTIFIER = "luoganzhi.com.-----Tests";
				PRODUCT_NAME = "$(TARGET_NAME)";
				TEST_HOST = "$(BUILT_PRODUCTS_DIR)/百思不得姐.app/百思不得姐";
			};
			name = Debug;
		};
		189FD5191CD883810022DFA9 /* Release */ = {
			isa = XCBuildConfiguration;
			buildSettings = {
				BUNDLE_LOADER = "$(TEST_HOST)";
				INFOPLIST_FILE = "百思不得姐Tests/Info.plist";
				LD_RUNPATH_SEARCH_PATHS = "$(inherited) @executable_path/Frameworks @loader_path/Frameworks";
				PRODUCT_BUNDLE_IDENTIFIER = "luoganzhi.com.-----Tests";
				PRODUCT_NAME = "$(TARGET_NAME)";
				TEST_HOST = "$(BUILT_PRODUCTS_DIR)/百思不得姐.app/百思不得姐";
			};
			name = Release;
		};
		189FD51B1CD883810022DFA9 /* Debug */ = {
			isa = XCBuildConfiguration;
			buildSettings = {
				INFOPLIST_FILE = "百思不得姐UITests/Info.plist";
				LD_RUNPATH_SEARCH_PATHS = "$(inherited) @executable_path/Frameworks @loader_path/Frameworks";
				PRODUCT_BUNDLE_IDENTIFIER = "luoganzhi.com.-----UITests";
				PRODUCT_NAME = "$(TARGET_NAME)";
				TEST_TARGET_NAME = "百思不得姐";
			};
			name = Debug;
		};
		189FD51C1CD883810022DFA9 /* Release */ = {
			isa = XCBuildConfiguration;
			buildSettings = {
				INFOPLIST_FILE = "百思不得姐UITests/Info.plist";
				LD_RUNPATH_SEARCH_PATHS = "$(inherited) @executable_path/Frameworks @loader_path/Frameworks";
				PRODUCT_BUNDLE_IDENTIFIER = "luoganzhi.com.-----UITests";
				PRODUCT_NAME = "$(TARGET_NAME)";
				TEST_TARGET_NAME = "百思不得姐";
			};
			name = Release;
		};
/* End XCBuildConfiguration section */

/* Begin XCConfigurationList section */
		189FD4E21CD883810022DFA9 /* Build configuration list for PBXProject "百思不得姐" */ = {
			isa = XCConfigurationList;
			buildConfigurations = (
				189FD5121CD883810022DFA9 /* Debug */,
				189FD5131CD883810022DFA9 /* Release */,
			);
			defaultConfigurationIsVisible = 0;
			defaultConfigurationName = Release;
		};
		189FD5141CD883810022DFA9 /* Build configuration list for PBXNativeTarget "百思不得姐" */ = {
			isa = XCConfigurationList;
			buildConfigurations = (
				189FD5151CD883810022DFA9 /* Debug */,
				189FD5161CD883810022DFA9 /* Release */,
			);
			defaultConfigurationIsVisible = 0;
			defaultConfigurationName = Release;
		};
		189FD5171CD883810022DFA9 /* Build configuration list for PBXNativeTarget "百思不得姐Tests" */ = {
			isa = XCConfigurationList;
			buildConfigurations = (
				189FD5181CD883810022DFA9 /* Debug */,
				189FD5191CD883810022DFA9 /* Release */,
			);
			defaultConfigurationIsVisible = 0;
			defaultConfigurationName = Release;
		};
		189FD51A1CD883810022DFA9 /* Build configuration list for PBXNativeTarget "百思不得姐UITests" */ = {
			isa = XCConfigurationList;
			buildConfigurations = (
				189FD51B1CD883810022DFA9 /* Debug */,
				189FD51C1CD883810022DFA9 /* Release */,
			);
			defaultConfigurationIsVisible = 0;
			defaultConfigurationName = Release;
		};
/* End XCConfigurationList section */
	};
	rootObject = 189FD4DF1CD883810022DFA9 /* Project object */;
}
