// !$*UTF8*$!
{
	archiveVersion = 1;
	classes = {
	};
	objectVersion = 46;
	objects = {

/* Begin PBXBuildFile section */
		181685E71CDB441F005197B3 /* LGZVLoginResginController.m in Sources */ = {isa = PBXBuildFile; fileRef = 181685E51CDB441F005197B3 /* LGZVLoginResginController.m */; };
		181685E81CDB441F005197B3 /* LGZVLoginResginController.xib in Resources */ = {isa = PBXBuildFile; fileRef = 181685E61CDB441F005197B3 /* LGZVLoginResginController.xib */; };
		181685EB1CDB4AE7005197B3 /* LGZOtherLoginButton.m in Sources */ = {isa = PBXBuildFile; fileRef = 181685EA1CDB4AE7005197B3 /* LGZOtherLoginButton.m */; };
		181ED7A21CD9A90E00D44CF0 /* LGZFocusCategoryCell.m in Sources */ = {isa = PBXBuildFile; fileRef = 181ED7A01CD9A90E00D44CF0 /* LGZFocusCategoryCell.m */; };
		181ED7A31CD9A90E00D44CF0 /* LGZFocusCategoryCell.xib in Resources */ = {isa = PBXBuildFile; fileRef = 181ED7A11CD9A90E00D44CF0 /* LGZFocusCategoryCell.xib */; };
		181ED7A71CDA069D00D44CF0 /* LGZUserCell.m in Sources */ = {isa = PBXBuildFile; fileRef = 181ED7A51CDA069D00D44CF0 /* LGZUserCell.m */; };
		181ED7A81CDA069D00D44CF0 /* LGZUserCell.xib in Resources */ = {isa = PBXBuildFile; fileRef = 181ED7A61CDA069D00D44CF0 /* LGZUserCell.xib */; };
		181ED7AB1CDA0A7400D44CF0 /* LGZUserModel.m in Sources */ = {isa = PBXBuildFile; fileRef = 181ED7AA1CDA0A7400D44CF0 /* LGZUserModel.m */; };
		181ED7AE1CDAE75F00D44CF0 /* LGZTagTableViewController.m in Sources */ = {isa = PBXBuildFile; fileRef = 181ED7AD1CDAE75F00D44CF0 /* LGZTagTableViewController.m */; };
		181ED7B11CDAEB9000D44CF0 /* LGZTagsModel.m in Sources */ = {isa = PBXBuildFile; fileRef = 181ED7B01CDAEB9000D44CF0 /* LGZTagsModel.m */; };
		181ED7B51CDAEDE400D44CF0 /* LGZTagCell.m in Sources */ = {isa = PBXBuildFile; fileRef = 181ED7B31CDAEDE400D44CF0 /* LGZTagCell.m */; };
		181ED7B61CDAEDE400D44CF0 /* LGZTagCell.xib in Resources */ = {isa = PBXBuildFile; fileRef = 181ED7B41CDAEDE400D44CF0 /* LGZTagCell.xib */; };
		1894C3CB1CD8E54C00641572 /* LGZEssenceViewController.m in Sources */ = {isa = PBXBuildFile; fileRef = 1894C3A61CD8E54C00641572 /* LGZEssenceViewController.m */; };
		1894C3CC1CD8E54C00641572 /* LGZFriendTrendsViewController.m in Sources */ = {isa = PBXBuildFile; fileRef = 1894C3AC1CD8E54C00641572 /* LGZFriendTrendsViewController.m */; };
		1894C3CD1CD8E54C00641572 /* LGZMeViewController.m in Sources */ = {isa = PBXBuildFile; fileRef = 1894C3B21CD8E54C00641572 /* LGZMeViewController.m */; };
		1894C3CE1CD8E54C00641572 /* LGZNewViewController.m in Sources */ = {isa = PBXBuildFile; fileRef = 1894C3B81CD8E54C00641572 /* LGZNewViewController.m */; };
		1894C3CF1CD8E54C00641572 /* AppDelegate.m in Sources */ = {isa = PBXBuildFile; fileRef = 1894C3BD1CD8E54C00641572 /* AppDelegate.m */; };
		1894C3D01CD8E54C00641572 /* LGZTabBarController.m in Sources */ = {isa = PBXBuildFile; fileRef = 1894C3C01CD8E54C00641572 /* LGZTabBarController.m */; };
		1894C3D11CD8E54C00641572 /* UIBarButtonItem+LGZExtension.m in Sources */ = {isa = PBXBuildFile; fileRef = 1894C3C31CD8E54C00641572 /* UIBarButtonItem+LGZExtension.m */; };
		1894C3D21CD8E54C00641572 /* UIView+LGZExtension.m in Sources */ = {isa = PBXBuildFile; fileRef = 1894C3C51CD8E54C00641572 /* UIView+LGZExtension.m */; };
		1894C3D31CD8E54C00641572 /* main.m in Sources */ = {isa = PBXBuildFile; fileRef = 1894C3C61CD8E54C00641572 /* main.m */; };
		1894C3D41CD8E54C00641572 /* LGZTabBar.m in Sources */ = {isa = PBXBuildFile; fileRef = 1894C3CA1CD8E54C00641572 /* LGZTabBar.m */; };
		1894C3D71CD8F23900641572 /* LGZNavgationController.m in Sources */ = {isa = PBXBuildFile; fileRef = 1894C3D61CD8F23900641572 /* LGZNavgationController.m */; };
		1894C3D91CD9849C00641572 /* LGZFriendTrendsViewController.xib in Resources */ = {isa = PBXBuildFile; fileRef = 1894C3D81CD9849C00641572 /* LGZFriendTrendsViewController.xib */; };
		1894C3DB1CD9882600641572 /* Podfile in Resources */ = {isa = PBXBuildFile; fileRef = 1894C3DA1CD9882600641572 /* Podfile */; };
		1894C3DF1CD98E2D00641572 /* LGZFocusController.m in Sources */ = {isa = PBXBuildFile; fileRef = 1894C3DD1CD98E2D00641572 /* LGZFocusController.m */; };
		1894C3E01CD98E2D00641572 /* LGZFocusController.xib in Resources */ = {isa = PBXBuildFile; fileRef = 1894C3DE1CD98E2D00641572 /* LGZFocusController.xib */; };
		1894C3E31CD9A5D900641572 /* LGZFocusCategory.m in Sources */ = {isa = PBXBuildFile; fileRef = 1894C3E21CD9A5D900641572 /* LGZFocusCategory.m */; };
		189FD4F71CD883810022DFA9 /* Assets.xcassets in Resources */ = {isa = PBXBuildFile; fileRef = 189FD4F61CD883810022DFA9 /* Assets.xcassets */; };
		189FD5051CD883810022DFA9 /* _____Tests.m in Sources */ = {isa = PBXBuildFile; fileRef = 189FD5041CD883810022DFA9 /* _____Tests.m */; };
		189FD5101CD883810022DFA9 /* _____UITests.m in Sources */ = {isa = PBXBuildFile; fileRef = 189FD50F1CD883810022DFA9 /* _____UITests.m */; };
		18F8B0261CDB894800D67638 /* LGZWhitePlaceholderFiled.m in Sources */ = {isa = PBXBuildFile; fileRef = 18F8B0251CDB894800D67638 /* LGZWhitePlaceholderFiled.m */; };
		18F8B0291CDC3CC900D67638 /* LGZGuidePushView.m in Sources */ = {isa = PBXBuildFile; fileRef = 18F8B0281CDC3CC900D67638 /* LGZGuidePushView.m */; };
		18F8B02B1CDC3CD700D67638 /* LGZGuidePushView.xib in Resources */ = {isa = PBXBuildFile; fileRef = 18F8B02A1CDC3CD700D67638 /* LGZGuidePushView.xib */; };
		18F8B03D1CDF68C800D67638 /* LGZTopics.m in Sources */ = {isa = PBXBuildFile; fileRef = 18F8B03C1CDF68C800D67638 /* LGZTopics.m */; };
		18F8B0411CE06F3300D67638 /* LGZTopicsCell.m in Sources */ = {isa = PBXBuildFile; fileRef = 18F8B03F1CE06F3300D67638 /* LGZTopicsCell.m */; };
		18F8B0421CE06F3300D67638 /* LGZTopicsCell.xib in Resources */ = {isa = PBXBuildFile; fileRef = 18F8B0401CE06F3300D67638 /* LGZTopicsCell.xib */; };
		18F8B0451CE16AC600D67638 /* NSDate+LGZExtension.m in Sources */ = {isa = PBXBuildFile; fileRef = 18F8B0441CE16AC600D67638 /* NSDate+LGZExtension.m */; };
		18F8B0481CE1C7CD00D67638 /* LGZBaseTopicsViewController.m in Sources */ = {isa = PBXBuildFile; fileRef = 18F8B0471CE1C7CD00D67638 /* LGZBaseTopicsViewController.m */; };
		18F8B04B1CE2FB1100D67638 /* LGZTopicPictureView.m in Sources */ = {isa = PBXBuildFile; fileRef = 18F8B04A1CE2FB1100D67638 /* LGZTopicPictureView.m */; };
		18F8B04D1CE2FB2000D67638 /* LGZTopicPictureView.xib in Resources */ = {isa = PBXBuildFile; fileRef = 18F8B04C1CE2FB2000D67638 /* LGZTopicPictureView.xib */; };
		18F8B0511CE3502700D67638 /* LGZShowPictureController.m in Sources */ = {isa = PBXBuildFile; fileRef = 18F8B04F1CE3502700D67638 /* LGZShowPictureController.m */; };
		18F8B0521CE3502700D67638 /* LGZShowPictureController.xib in Resources */ = {isa = PBXBuildFile; fileRef = 18F8B0501CE3502700D67638 /* LGZShowPictureController.xib */; };
		18F8B0561CE4189900D67638 /* LGZPublishViewController.m in Sources */ = {isa = PBXBuildFile; fileRef = 18F8B0541CE4189900D67638 /* LGZPublishViewController.m */; };
		18F8B0571CE4189900D67638 /* LGZPublishViewController.xib in Resources */ = {isa = PBXBuildFile; fileRef = 18F8B0551CE4189900D67638 /* LGZPublishViewController.xib */; };
		18F8B05A1CE55AA200D67638 /* LGZTopicVoiceView.m in Sources */ = {isa = PBXBuildFile; fileRef = 18F8B0591CE55AA200D67638 /* LGZTopicVoiceView.m */; };
		18F8B05C1CE55AB300D67638 /* LGZTopicVoiceView.xib in Resources */ = {isa = PBXBuildFile; fileRef = 18F8B05B1CE55AB300D67638 /* LGZTopicVoiceView.xib */; };
		18F8B05F1CE56AA900D67638 /* LGZTopicVideoView.m in Sources */ = {isa = PBXBuildFile; fileRef = 18F8B05E1CE56AA900D67638 /* LGZTopicVideoView.m */; };
		18F8B0611CE56ABC00D67638 /* LGZTopicVideoView.xib in Resources */ = {isa = PBXBuildFile; fileRef = 18F8B0601CE56ABC00D67638 /* LGZTopicVideoView.xib */; };
		18F8B0641CE5A10C00D67638 /* LGZHotComment.m in Sources */ = {isa = PBXBuildFile; fileRef = 18F8B0631CE5A10C00D67638 /* LGZHotComment.m */; };
		18F8B0671CE5A11D00D67638 /* LGZUser.m in Sources */ = {isa = PBXBuildFile; fileRef = 18F8B0661CE5A11D00D67638 /* LGZUser.m */; };
		18F8B06B1CE5C05700D67638 /* LGZCommentViewController.m in Sources */ = {isa = PBXBuildFile; fileRef = 18F8B0691CE5C05700D67638 /* LGZCommentViewController.m */; };
		18F8B06C1CE5C05700D67638 /* LGZCommentViewController.xib in Resources */ = {isa = PBXBuildFile; fileRef = 18F8B06A1CE5C05700D67638 /* LGZCommentViewController.xib */; };
		4C13CD5BB77E6DA2D3BE47BE /* libPods.a in Frameworks */ = {isa = PBXBuildFile; fileRef = BE3659CA91252E244842556A /* libPods.a */; };
/* End PBXBuildFile section */

/* Begin PBXContainerItemProxy section */
		189FD5011CD883810022DFA9 /* PBXContainerItemProxy */ = {
			isa = PBXContainerItemProxy;
			containerPortal = 189FD4DF1CD883810022DFA9 /* Project object */;
			proxyType = 1;
			remoteGlobalIDString = 189FD4E61CD883810022DFA9;
			remoteInfo = "百思不得姐";
		};
		189FD50C1CD883810022DFA9 /* PBXContainerItemProxy */ = {
			isa = PBXContainerItemProxy;
			containerPortal = 189FD4DF1CD883810022DFA9 /* Project object */;
			proxyType = 1;
			remoteGlobalIDString = 189FD4E61CD883810022DFA9;
			remoteInfo = "百思不得姐";
		};
/* End PBXContainerItemProxy section */

/* Begin PBXFileReference section */
		00703BDDA72BD8607C02051B /* Pods.release.xcconfig */ = {isa = PBXFileReference; includeInIndex = 1; lastKnownFileType = text.xcconfig; name = Pods.release.xcconfig; path = "Pods/Target Support Files/Pods/Pods.release.xcconfig"; sourceTree = "<group>"; };
		181685E41CDB441F005197B3 /* LGZVLoginResginController.h */ = {isa = PBXFileReference; fileEncoding = 4; lastKnownFileType = sourcecode.c.h; path = LGZVLoginResginController.h; sourceTree = "<group>"; };
		181685E51CDB441F005197B3 /* LGZVLoginResginController.m */ = {isa = PBXFileReference; fileEncoding = 4; lastKnownFileType = sourcecode.c.objc; path = LGZVLoginResginController.m; sourceTree = "<group>"; };
		181685E61CDB441F005197B3 /* LGZVLoginResginController.xib */ = {isa = PBXFileReference; fileEncoding = 4; lastKnownFileType = file.xib; path = LGZVLoginResginController.xib; sourceTree = "<group>"; };
		181685E91CDB4AE7005197B3 /* LGZOtherLoginButton.h */ = {isa = PBXFileReference; fileEncoding = 4; lastKnownFileType = sourcecode.c.h; path = LGZOtherLoginButton.h; sourceTree = "<group>"; };
		181685EA1CDB4AE7005197B3 /* LGZOtherLoginButton.m */ = {isa = PBXFileReference; fileEncoding = 4; lastKnownFileType = sourcecode.c.objc; path = LGZOtherLoginButton.m; sourceTree = "<group>"; };
		181ED79F1CD9A90E00D44CF0 /* LGZFocusCategoryCell.h */ = {isa = PBXFileReference; fileEncoding = 4; lastKnownFileType = sourcecode.c.h; path = LGZFocusCategoryCell.h; sourceTree = "<group>"; };
		181ED7A01CD9A90E00D44CF0 /* LGZFocusCategoryCell.m */ = {isa = PBXFileReference; fileEncoding = 4; lastKnownFileType = sourcecode.c.objc; path = LGZFocusCategoryCell.m; sourceTree = "<group>"; };
		181ED7A11CD9A90E00D44CF0 /* LGZFocusCategoryCell.xib */ = {isa = PBXFileReference; fileEncoding = 4; lastKnownFileType = file.xib; path = LGZFocusCategoryCell.xib; sourceTree = "<group>"; };
		181ED7A41CDA069D00D44CF0 /* LGZUserCell.h */ = {isa = PBXFileReference; fileEncoding = 4; lastKnownFileType = sourcecode.c.h; path = LGZUserCell.h; sourceTree = "<group>"; };
		181ED7A51CDA069D00D44CF0 /* LGZUserCell.m */ = {isa = PBXFileReference; fileEncoding = 4; lastKnownFileType = sourcecode.c.objc; path = LGZUserCell.m; sourceTree = "<group>"; };
		181ED7A61CDA069D00D44CF0 /* LGZUserCell.xib */ = {isa = PBXFileReference; fileEncoding = 4; lastKnownFileType = file.xib; path = LGZUserCell.xib; sourceTree = "<group>"; };
		181ED7A91CDA0A7400D44CF0 /* LGZUserModel.h */ = {isa = PBXFileReference; fileEncoding = 4; lastKnownFileType = sourcecode.c.h; path = LGZUserModel.h; sourceTree = "<group>"; };
		181ED7AA1CDA0A7400D44CF0 /* LGZUserModel.m */ = {isa = PBXFileReference; fileEncoding = 4; lastKnownFileType = sourcecode.c.objc; path = LGZUserModel.m; sourceTree = "<group>"; };
		181ED7AC1CDAE75F00D44CF0 /* LGZTagTableViewController.h */ = {isa = PBXFileReference; fileEncoding = 4; lastKnownFileType = sourcecode.c.h; path = LGZTagTableViewController.h; sourceTree = "<group>"; };
		181ED7AD1CDAE75F00D44CF0 /* LGZTagTableViewController.m */ = {isa = PBXFileReference; fileEncoding = 4; lastKnownFileType = sourcecode.c.objc; path = LGZTagTableViewController.m; sourceTree = "<group>"; };
		181ED7AF1CDAEB9000D44CF0 /* LGZTagsModel.h */ = {isa = PBXFileReference; fileEncoding = 4; lastKnownFileType = sourcecode.c.h; path = LGZTagsModel.h; sourceTree = "<group>"; };
		181ED7B01CDAEB9000D44CF0 /* LGZTagsModel.m */ = {isa = PBXFileReference; fileEncoding = 4; lastKnownFileType = sourcecode.c.objc; path = LGZTagsModel.m; sourceTree = "<group>"; };
		181ED7B21CDAEDE400D44CF0 /* LGZTagCell.h */ = {isa = PBXFileReference; fileEncoding = 4; lastKnownFileType = sourcecode.c.h; path = LGZTagCell.h; sourceTree = "<group>"; };
		181ED7B31CDAEDE400D44CF0 /* LGZTagCell.m */ = {isa = PBXFileReference; fileEncoding = 4; lastKnownFileType = sourcecode.c.objc; path = LGZTagCell.m; sourceTree = "<group>"; };
		181ED7B41CDAEDE400D44CF0 /* LGZTagCell.xib */ = {isa = PBXFileReference; fileEncoding = 4; lastKnownFileType = file.xib; path = LGZTagCell.xib; sourceTree = "<group>"; };
		1894C3A51CD8E54C00641572 /* LGZEssenceViewController.h */ = {isa = PBXFileReference; fileEncoding = 4; lastKnownFileType = sourcecode.c.h; path = LGZEssenceViewController.h; sourceTree = "<group>"; };
		1894C3A61CD8E54C00641572 /* LGZEssenceViewController.m */ = {isa = PBXFileReference; fileEncoding = 4; lastKnownFileType = sourcecode.c.objc; lineEnding = 0; path = LGZEssenceViewController.m; sourceTree = "<group>"; };
		1894C3AB1CD8E54C00641572 /* LGZFriendTrendsViewController.h */ = {isa = PBXFileReference; fileEncoding = 4; lastKnownFileType = sourcecode.c.h; path = LGZFriendTrendsViewController.h; sourceTree = "<group>"; };
		1894C3AC1CD8E54C00641572 /* LGZFriendTrendsViewController.m */ = {isa = PBXFileReference; fileEncoding = 4; lastKnownFileType = sourcecode.c.objc; path = LGZFriendTrendsViewController.m; sourceTree = "<group>"; };
		1894C3B11CD8E54C00641572 /* LGZMeViewController.h */ = {isa = PBXFileReference; fileEncoding = 4; lastKnownFileType = sourcecode.c.h; path = LGZMeViewController.h; sourceTree = "<group>"; };
		1894C3B21CD8E54C00641572 /* LGZMeViewController.m */ = {isa = PBXFileReference; fileEncoding = 4; lastKnownFileType = sourcecode.c.objc; path = LGZMeViewController.m; sourceTree = "<group>"; };
		1894C3B71CD8E54C00641572 /* LGZNewViewController.h */ = {isa = PBXFileReference; fileEncoding = 4; lastKnownFileType = sourcecode.c.h; path = LGZNewViewController.h; sourceTree = "<group>"; };
		1894C3B81CD8E54C00641572 /* LGZNewViewController.m */ = {isa = PBXFileReference; fileEncoding = 4; lastKnownFileType = sourcecode.c.objc; path = LGZNewViewController.m; sourceTree = "<group>"; };
		1894C3BC1CD8E54C00641572 /* AppDelegate.h */ = {isa = PBXFileReference; fileEncoding = 4; lastKnownFileType = sourcecode.c.h; path = AppDelegate.h; sourceTree = "<group>"; };
		1894C3BD1CD8E54C00641572 /* AppDelegate.m */ = {isa = PBXFileReference; fileEncoding = 4; lastKnownFileType = sourcecode.c.objc; path = AppDelegate.m; sourceTree = "<group>"; };
		1894C3BF1CD8E54C00641572 /* LGZTabBarController.h */ = {isa = PBXFileReference; fileEncoding = 4; lastKnownFileType = sourcecode.c.h; path = LGZTabBarController.h; sourceTree = "<group>"; };
		1894C3C01CD8E54C00641572 /* LGZTabBarController.m */ = {isa = PBXFileReference; fileEncoding = 4; lastKnownFileType = sourcecode.c.objc; path = LGZTabBarController.m; sourceTree = "<group>"; };
		1894C3C21CD8E54C00641572 /* UIBarButtonItem+LGZExtension.h */ = {isa = PBXFileReference; fileEncoding = 4; lastKnownFileType = sourcecode.c.h; path = "UIBarButtonItem+LGZExtension.h"; sourceTree = "<group>"; };
		1894C3C31CD8E54C00641572 /* UIBarButtonItem+LGZExtension.m */ = {isa = PBXFileReference; fileEncoding = 4; lastKnownFileType = sourcecode.c.objc; path = "UIBarButtonItem+LGZExtension.m"; sourceTree = "<group>"; };
		1894C3C41CD8E54C00641572 /* UIView+LGZExtension.h */ = {isa = PBXFileReference; fileEncoding = 4; lastKnownFileType = sourcecode.c.h; path = "UIView+LGZExtension.h"; sourceTree = "<group>"; };
		1894C3C51CD8E54C00641572 /* UIView+LGZExtension.m */ = {isa = PBXFileReference; fileEncoding = 4; lastKnownFileType = sourcecode.c.objc; path = "UIView+LGZExtension.m"; sourceTree = "<group>"; };
		1894C3C61CD8E54C00641572 /* main.m */ = {isa = PBXFileReference; fileEncoding = 4; lastKnownFileType = sourcecode.c.objc; path = main.m; sourceTree = "<group>"; };
		1894C3C71CD8E54C00641572 /* PrefixHeader.pch */ = {isa = PBXFileReference; fileEncoding = 4; lastKnownFileType = sourcecode.c.h; path = PrefixHeader.pch; sourceTree = "<group>"; };
		1894C3C91CD8E54C00641572 /* LGZTabBar.h */ = {isa = PBXFileReference; fileEncoding = 4; lastKnownFileType = sourcecode.c.h; path = LGZTabBar.h; sourceTree = "<group>"; };
		1894C3CA1CD8E54C00641572 /* LGZTabBar.m */ = {isa = PBXFileReference; fileEncoding = 4; lastKnownFileType = sourcecode.c.objc; path = LGZTabBar.m; sourceTree = "<group>"; };
		1894C3D51CD8F23900641572 /* LGZNavgationController.h */ = {isa = PBXFileReference; fileEncoding = 4; lastKnownFileType = sourcecode.c.h; path = LGZNavgationController.h; sourceTree = "<group>"; };
		1894C3D61CD8F23900641572 /* LGZNavgationController.m */ = {isa = PBXFileReference; fileEncoding = 4; lastKnownFileType = sourcecode.c.objc; path = LGZNavgationController.m; sourceTree = "<group>"; };
		1894C3D81CD9849C00641572 /* LGZFriendTrendsViewController.xib */ = {isa = PBXFileReference; fileEncoding = 4; lastKnownFileType = file.xib; name = LGZFriendTrendsViewController.xib; path = "../../New - 关注/C/LGZFriendTrendsViewController.xib"; sourceTree = "<group>"; };
		1894C3DA1CD9882600641572 /* Podfile */ = {isa = PBXFileReference; fileEncoding = 4; lastKnownFileType = text; path = Podfile; sourceTree = "<group>"; xcLanguageSpecificationIdentifier = xcode.lang.ruby; };
		1894C3DC1CD98E2D00641572 /* LGZFocusController.h */ = {isa = PBXFileReference; fileEncoding = 4; lastKnownFileType = sourcecode.c.h; path = LGZFocusController.h; sourceTree = "<group>"; };
		1894C3DD1CD98E2D00641572 /* LGZFocusController.m */ = {isa = PBXFileReference; fileEncoding = 4; lastKnownFileType = sourcecode.c.objc; path = LGZFocusController.m; sourceTree = "<group>"; };
		1894C3DE1CD98E2D00641572 /* LGZFocusController.xib */ = {isa = PBXFileReference; fileEncoding = 4; lastKnownFileType = file.xib; path = LGZFocusController.xib; sourceTree = "<group>"; };
		1894C3E11CD9A5D900641572 /* LGZFocusCategory.h */ = {isa = PBXFileReference; fileEncoding = 4; lastKnownFileType = sourcecode.c.h; path = LGZFocusCategory.h; sourceTree = "<group>"; };
		1894C3E21CD9A5D900641572 /* LGZFocusCategory.m */ = {isa = PBXFileReference; fileEncoding = 4; lastKnownFileType = sourcecode.c.objc; path = LGZFocusCategory.m; sourceTree = "<group>"; };
		189FD4E71CD883810022DFA9 /* 百思不得姐.app */ = {isa = PBXFileReference; explicitFileType = wrapper.application; includeInIndex = 0; path = "百思不得姐.app"; sourceTree = BUILT_PRODUCTS_DIR; };
		189FD4F61CD883810022DFA9 /* Assets.xcassets */ = {isa = PBXFileReference; lastKnownFileType = folder.assetcatalog; path = Assets.xcassets; sourceTree = "<group>"; };
		189FD4FB1CD883810022DFA9 /* Info.plist */ = {isa = PBXFileReference; lastKnownFileType = text.plist.xml; path = Info.plist; sourceTree = "<group>"; };
		189FD5001CD883810022DFA9 /* 百思不得姐Tests.xctest */ = {isa = PBXFileReference; explicitFileType = wrapper.cfbundle; includeInIndex = 0; path = "百思不得姐Tests.xctest"; sourceTree = BUILT_PRODUCTS_DIR; };
		189FD5041CD883810022DFA9 /* _____Tests.m */ = {isa = PBXFileReference; lastKnownFileType = sourcecode.c.objc; path = "_____Tests.m"; sourceTree = "<group>"; };
		189FD5061CD883810022DFA9 /* Info.plist */ = {isa = PBXFileReference; lastKnownFileType = text.plist.xml; path = Info.plist; sourceTree = "<group>"; };
		189FD50B1CD883810022DFA9 /* 百思不得姐UITests.xctest */ = {isa = PBXFileReference; explicitFileType = wrapper.cfbundle; includeInIndex = 0; path = "百思不得姐UITests.xctest"; sourceTree = BUILT_PRODUCTS_DIR; };
		189FD50F1CD883810022DFA9 /* _____UITests.m */ = {isa = PBXFileReference; lastKnownFileType = sourcecode.c.objc; path = "_____UITests.m"; sourceTree = "<group>"; };
		189FD5111CD883810022DFA9 /* Info.plist */ = {isa = PBXFileReference; lastKnownFileType = text.plist.xml; path = Info.plist; sourceTree = "<group>"; };
		18F8B0241CDB894800D67638 /* LGZWhitePlaceholderFiled.h */ = {isa = PBXFileReference; fileEncoding = 4; lastKnownFileType = sourcecode.c.h; path = LGZWhitePlaceholderFiled.h; sourceTree = "<group>"; };
		18F8B0251CDB894800D67638 /* LGZWhitePlaceholderFiled.m */ = {isa = PBXFileReference; fileEncoding = 4; lastKnownFileType = sourcecode.c.objc; path = LGZWhitePlaceholderFiled.m; sourceTree = "<group>"; };
		18F8B0271CDC3CC900D67638 /* LGZGuidePushView.h */ = {isa = PBXFileReference; fileEncoding = 4; lastKnownFileType = sourcecode.c.h; path = LGZGuidePushView.h; sourceTree = "<group>"; };
		18F8B0281CDC3CC900D67638 /* LGZGuidePushView.m */ = {isa = PBXFileReference; fileEncoding = 4; lastKnownFileType = sourcecode.c.objc; path = LGZGuidePushView.m; sourceTree = "<group>"; };
		18F8B02A1CDC3CD700D67638 /* LGZGuidePushView.xib */ = {isa = PBXFileReference; fileEncoding = 4; lastKnownFileType = file.xib; path = LGZGuidePushView.xib; sourceTree = "<group>"; };
		18F8B03B1CDF68C800D67638 /* LGZTopics.h */ = {isa = PBXFileReference; fileEncoding = 4; lastKnownFileType = sourcecode.c.h; path = LGZTopics.h; sourceTree = "<group>"; };
		18F8B03C1CDF68C800D67638 /* LGZTopics.m */ = {isa = PBXFileReference; fileEncoding = 4; lastKnownFileType = sourcecode.c.objc; path = LGZTopics.m; sourceTree = "<group>"; };
		18F8B03E1CE06F3300D67638 /* LGZTopicsCell.h */ = {isa = PBXFileReference; fileEncoding = 4; lastKnownFileType = sourcecode.c.h; path = LGZTopicsCell.h; sourceTree = "<group>"; };
		18F8B03F1CE06F3300D67638 /* LGZTopicsCell.m */ = {isa = PBXFileReference; fileEncoding = 4; lastKnownFileType = sourcecode.c.objc; path = LGZTopicsCell.m; sourceTree = "<group>"; };
		18F8B0401CE06F3300D67638 /* LGZTopicsCell.xib */ = {isa = PBXFileReference; fileEncoding = 4; lastKnownFileType = file.xib; path = LGZTopicsCell.xib; sourceTree = "<group>"; };
		18F8B0431CE16AC600D67638 /* NSDate+LGZExtension.h */ = {isa = PBXFileReference; fileEncoding = 4; lastKnownFileType = sourcecode.c.h; path = "NSDate+LGZExtension.h"; sourceTree = "<group>"; };
		18F8B0441CE16AC600D67638 /* NSDate+LGZExtension.m */ = {isa = PBXFileReference; fileEncoding = 4; lastKnownFileType = sourcecode.c.objc; path = "NSDate+LGZExtension.m"; sourceTree = "<group>"; };
		18F8B0461CE1C7CD00D67638 /* LGZBaseTopicsViewController.h */ = {isa = PBXFileReference; fileEncoding = 4; lastKnownFileType = sourcecode.c.h; path = LGZBaseTopicsViewController.h; sourceTree = "<group>"; };
		18F8B0471CE1C7CD00D67638 /* LGZBaseTopicsViewController.m */ = {isa = PBXFileReference; fileEncoding = 4; lastKnownFileType = sourcecode.c.objc; path = LGZBaseTopicsViewController.m; sourceTree = "<group>"; };
		18F8B0491CE2FB1100D67638 /* LGZTopicPictureView.h */ = {isa = PBXFileReference; fileEncoding = 4; lastKnownFileType = sourcecode.c.h; path = LGZTopicPictureView.h; sourceTree = "<group>"; };
		18F8B04A1CE2FB1100D67638 /* LGZTopicPictureView.m */ = {isa = PBXFileReference; fileEncoding = 4; lastKnownFileType = sourcecode.c.objc; path = LGZTopicPictureView.m; sourceTree = "<group>"; };
		18F8B04C1CE2FB2000D67638 /* LGZTopicPictureView.xib */ = {isa = PBXFileReference; fileEncoding = 4; lastKnownFileType = file.xib; path = LGZTopicPictureView.xib; sourceTree = "<group>"; };
		18F8B04E1CE3502700D67638 /* LGZShowPictureController.h */ = {isa = PBXFileReference; fileEncoding = 4; lastKnownFileType = sourcecode.c.h; path = LGZShowPictureController.h; sourceTree = "<group>"; };
		18F8B04F1CE3502700D67638 /* LGZShowPictureController.m */ = {isa = PBXFileReference; fileEncoding = 4; lastKnownFileType = sourcecode.c.objc; path = LGZShowPictureController.m; sourceTree = "<group>"; };
		18F8B0501CE3502700D67638 /* LGZShowPictureController.xib */ = {isa = PBXFileReference; fileEncoding = 4; lastKnownFileType = file.xib; path = LGZShowPictureController.xib; sourceTree = "<group>"; };
		18F8B0531CE4189900D67638 /* LGZPublishViewController.h */ = {isa = PBXFileReference; fileEncoding = 4; lastKnownFileType = sourcecode.c.h; path = LGZPublishViewController.h; sourceTree = "<group>"; };
		18F8B0541CE4189900D67638 /* LGZPublishViewController.m */ = {isa = PBXFileReference; fileEncoding = 4; lastKnownFileType = sourcecode.c.objc; path = LGZPublishViewController.m; sourceTree = "<group>"; };
		18F8B0551CE4189900D67638 /* LGZPublishViewController.xib */ = {isa = PBXFileReference; fileEncoding = 4; lastKnownFileType = file.xib; path = LGZPublishViewController.xib; sourceTree = "<group>"; };
		18F8B0581CE55AA200D67638 /* LGZTopicVoiceView.h */ = {isa = PBXFileReference; fileEncoding = 4; lastKnownFileType = sourcecode.c.h; path = LGZTopicVoiceView.h; sourceTree = "<group>"; };
		18F8B0591CE55AA200D67638 /* LGZTopicVoiceView.m */ = {isa = PBXFileReference; fileEncoding = 4; lastKnownFileType = sourcecode.c.objc; path = LGZTopicVoiceView.m; sourceTree = "<group>"; };
		18F8B05B1CE55AB300D67638 /* LGZTopicVoiceView.xib */ = {isa = PBXFileReference; fileEncoding = 4; lastKnownFileType = file.xib; path = LGZTopicVoiceView.xib; sourceTree = "<group>"; };
		18F8B05D1CE56AA900D67638 /* LGZTopicVideoView.h */ = {isa = PBXFileReference; fileEncoding = 4; lastKnownFileType = sourcecode.c.h; path = LGZTopicVideoView.h; sourceTree = "<group>"; };
		18F8B05E1CE56AA900D67638 /* LGZTopicVideoView.m */ = {isa = PBXFileReference; fileEncoding = 4; lastKnownFileType = sourcecode.c.objc; path = LGZTopicVideoView.m; sourceTree = "<group>"; };
		18F8B0601CE56ABC00D67638 /* LGZTopicVideoView.xib */ = {isa = PBXFileReference; fileEncoding = 4; lastKnownFileType = file.xib; path = LGZTopicVideoView.xib; sourceTree = "<group>"; };
		18F8B0621CE5A10C00D67638 /* LGZHotComment.h */ = {isa = PBXFileReference; fileEncoding = 4; lastKnownFileType = sourcecode.c.h; path = LGZHotComment.h; sourceTree = "<group>"; };
		18F8B0631CE5A10C00D67638 /* LGZHotComment.m */ = {isa = PBXFileReference; fileEncoding = 4; lastKnownFileType = sourcecode.c.objc; path = LGZHotComment.m; sourceTree = "<group>"; };
		18F8B0651CE5A11D00D67638 /* LGZUser.h */ = {isa = PBXFileReference; fileEncoding = 4; lastKnownFileType = sourcecode.c.h; path = LGZUser.h; sourceTree = "<group>"; };
		18F8B0661CE5A11D00D67638 /* LGZUser.m */ = {isa = PBXFileReference; fileEncoding = 4; lastKnownFileType = sourcecode.c.objc; path = LGZUser.m; sourceTree = "<group>"; };
		18F8B0681CE5C05700D67638 /* LGZCommentViewController.h */ = {isa = PBXFileReference; fileEncoding = 4; lastKnownFileType = sourcecode.c.h; path = LGZCommentViewController.h; sourceTree = "<group>"; };
		18F8B0691CE5C05700D67638 /* LGZCommentViewController.m */ = {isa = PBXFileReference; fileEncoding = 4; lastKnownFileType = sourcecode.c.objc; path = LGZCommentViewController.m; sourceTree = "<group>"; };
		18F8B06A1CE5C05700D67638 /* LGZCommentViewController.xib */ = {isa = PBXFileReference; fileEncoding = 4; lastKnownFileType = file.xib; path = LGZCommentViewController.xib; sourceTree = "<group>"; };
		8079380D8504ADC0D092D806 /* Pods.debug.xcconfig */ = {isa = PBXFileReference; includeInIndex = 1; lastKnownFileType = text.xcconfig; name = Pods.debug.xcconfig; path = "Pods/Target Support Files/Pods/Pods.debug.xcconfig"; sourceTree = "<group>"; };
		BE3659CA91252E244842556A /* libPods.a */ = {isa = PBXFileReference; explicitFileType = archive.ar; includeInIndex = 0; path = libPods.a; sourceTree = BUILT_PRODUCTS_DIR; };
/* End PBXFileReference section */

/* Begin PBXFrameworksBuildPhase section */
		189FD4E41CD883810022DFA9 /* Frameworks */ = {
			isa = PBXFrameworksBuildPhase;
			buildActionMask = 2147483647;
			files = (
				4C13CD5BB77E6DA2D3BE47BE /* libPods.a in Frameworks */,
			);
			runOnlyForDeploymentPostprocessing = 0;
		};
		189FD4FD1CD883810022DFA9 /* Frameworks */ = {
			isa = PBXFrameworksBuildPhase;
			buildActionMask = 2147483647;
			files = (
			);
			runOnlyForDeploymentPostprocessing = 0;
		};
		189FD5081CD883810022DFA9 /* Frameworks */ = {
			isa = PBXFrameworksBuildPhase;
			buildActionMask = 2147483647;
			files = (
			);
			runOnlyForDeploymentPostprocessing = 0;
		};
/* End PBXFrameworksBuildPhase section */

/* Begin PBXGroup section */
		1894C3A21CD8E54C00641572 /* Classes */ = {
			isa = PBXGroup;
			children = (
				1894C3A31CD8E54C00641572 /* Essence - 精华 */,
				1894C3B51CD8E54C00641572 /* New - 新帖 */,
				1894C3A91CD8E54C00641572 /* FriendTRance - 关注 */,
				1894C3AF1CD8E54C00641572 /* Me - 我 */,
				1894C3BB1CD8E54C00641572 /* Other - 其他 */,
			);
			path = Classes;
			sourceTree = "<group>";
		};
		1894C3A31CD8E54C00641572 /* Essence - 精华 */ = {
			isa = PBXGroup;
			children = (
				1894C3A41CD8E54C00641572 /* C */,
				1894C3A71CD8E54C00641572 /* M */,
				1894C3A81CD8E54C00641572 /* V */,
			);
			path = "Essence - 精华";
			sourceTree = "<group>";
		};
		1894C3A41CD8E54C00641572 /* C */ = {
			isa = PBXGroup;
			children = (
				1894C3A51CD8E54C00641572 /* LGZEssenceViewController.h */,
				1894C3A61CD8E54C00641572 /* LGZEssenceViewController.m */,
				181ED7AC1CDAE75F00D44CF0 /* LGZTagTableViewController.h */,
				181ED7AD1CDAE75F00D44CF0 /* LGZTagTableViewController.m */,
				18F8B0461CE1C7CD00D67638 /* LGZBaseTopicsViewController.h */,
				18F8B0471CE1C7CD00D67638 /* LGZBaseTopicsViewController.m */,
				18F8B04E1CE3502700D67638 /* LGZShowPictureController.h */,
				18F8B04F1CE3502700D67638 /* LGZShowPictureController.m */,
				18F8B0501CE3502700D67638 /* LGZShowPictureController.xib */,
				18F8B0681CE5C05700D67638 /* LGZCommentViewController.h */,
				18F8B0691CE5C05700D67638 /* LGZCommentViewController.m */,
				18F8B06A1CE5C05700D67638 /* LGZCommentViewController.xib */,
			);
			path = C;
			sourceTree = "<group>";
		};
		1894C3A71CD8E54C00641572 /* M */ = {
			isa = PBXGroup;
			children = (
				181ED7AF1CDAEB9000D44CF0 /* LGZTagsModel.h */,
				181ED7B01CDAEB9000D44CF0 /* LGZTagsModel.m */,
				18F8B03B1CDF68C800D67638 /* LGZTopics.h */,
				18F8B03C1CDF68C800D67638 /* LGZTopics.m */,
				18F8B0621CE5A10C00D67638 /* LGZHotComment.h */,
				18F8B0631CE5A10C00D67638 /* LGZHotComment.m */,
				18F8B0651CE5A11D00D67638 /* LGZUser.h */,
				18F8B0661CE5A11D00D67638 /* LGZUser.m */,
			);
			path = M;
			sourceTree = "<group>";
		};
		1894C3A81CD8E54C00641572 /* V */ = {
			isa = PBXGroup;
			children = (
				181ED7B21CDAEDE400D44CF0 /* LGZTagCell.h */,
				181ED7B31CDAEDE400D44CF0 /* LGZTagCell.m */,
				181ED7B41CDAEDE400D44CF0 /* LGZTagCell.xib */,
				18F8B03E1CE06F3300D67638 /* LGZTopicsCell.h */,
				18F8B03F1CE06F3300D67638 /* LGZTopicsCell.m */,
				18F8B0401CE06F3300D67638 /* LGZTopicsCell.xib */,
				18F8B0491CE2FB1100D67638 /* LGZTopicPictureView.h */,
				18F8B04A1CE2FB1100D67638 /* LGZTopicPictureView.m */,
				18F8B04C1CE2FB2000D67638 /* LGZTopicPictureView.xib */,
				18F8B0581CE55AA200D67638 /* LGZTopicVoiceView.h */,
				18F8B0591CE55AA200D67638 /* LGZTopicVoiceView.m */,
				18F8B05B1CE55AB300D67638 /* LGZTopicVoiceView.xib */,
				18F8B05D1CE56AA900D67638 /* LGZTopicVideoView.h */,
				18F8B05E1CE56AA900D67638 /* LGZTopicVideoView.m */,
				18F8B0601CE56ABC00D67638 /* LGZTopicVideoView.xib */,
			);
			path = V;
			sourceTree = "<group>";
		};
		1894C3A91CD8E54C00641572 /* FriendTRance - 关注 */ = {
			isa = PBXGroup;
			children = (
				1894C3AA1CD8E54C00641572 /* C */,
				1894C3AD1CD8E54C00641572 /* M */,
				1894C3AE1CD8E54C00641572 /* V */,
			);
			name = "FriendTRance - 关注";
			path = "FriendTRance - 新帖";
			sourceTree = "<group>";
		};
		1894C3AA1CD8E54C00641572 /* C */ = {
			isa = PBXGroup;
			children = (
				1894C3AB1CD8E54C00641572 /* LGZFriendTrendsViewController.h */,
				1894C3AC1CD8E54C00641572 /* LGZFriendTrendsViewController.m */,
				1894C3D81CD9849C00641572 /* LGZFriendTrendsViewController.xib */,
				1894C3DC1CD98E2D00641572 /* LGZFocusController.h */,
				1894C3DD1CD98E2D00641572 /* LGZFocusController.m */,
				1894C3DE1CD98E2D00641572 /* LGZFocusController.xib */,
				181685E41CDB441F005197B3 /* LGZVLoginResginController.h */,
				181685E51CDB441F005197B3 /* LGZVLoginResginController.m */,
				181685E61CDB441F005197B3 /* LGZVLoginResginController.xib */,
			);
			path = C;
			sourceTree = "<group>";
		};
		1894C3AD1CD8E54C00641572 /* M */ = {
			isa = PBXGroup;
			children = (
				1894C3E11CD9A5D900641572 /* LGZFocusCategory.h */,
				1894C3E21CD9A5D900641572 /* LGZFocusCategory.m */,
				181ED7A91CDA0A7400D44CF0 /* LGZUserModel.h */,
				181ED7AA1CDA0A7400D44CF0 /* LGZUserModel.m */,
			);
			path = M;
			sourceTree = "<group>";
		};
		1894C3AE1CD8E54C00641572 /* V */ = {
			isa = PBXGroup;
			children = (
				181ED79F1CD9A90E00D44CF0 /* LGZFocusCategoryCell.h */,
				181ED7A01CD9A90E00D44CF0 /* LGZFocusCategoryCell.m */,
				181ED7A11CD9A90E00D44CF0 /* LGZFocusCategoryCell.xib */,
				181ED7A41CDA069D00D44CF0 /* LGZUserCell.h */,
				181ED7A51CDA069D00D44CF0 /* LGZUserCell.m */,
				181ED7A61CDA069D00D44CF0 /* LGZUserCell.xib */,
				181685E91CDB4AE7005197B3 /* LGZOtherLoginButton.h */,
				181685EA1CDB4AE7005197B3 /* LGZOtherLoginButton.m */,
				18F8B0241CDB894800D67638 /* LGZWhitePlaceholderFiled.h */,
				18F8B0251CDB894800D67638 /* LGZWhitePlaceholderFiled.m */,
			);
			path = V;
			sourceTree = "<group>";
		};
		1894C3AF1CD8E54C00641572 /* Me - 我 */ = {
			isa = PBXGroup;
			children = (
				1894C3B01CD8E54C00641572 /* C */,
				1894C3B31CD8E54C00641572 /* M */,
				1894C3B41CD8E54C00641572 /* V */,
			);
			path = "Me - 我";
			sourceTree = "<group>";
		};
		1894C3B01CD8E54C00641572 /* C */ = {
			isa = PBXGroup;
			children = (
				1894C3B11CD8E54C00641572 /* LGZMeViewController.h */,
				1894C3B21CD8E54C00641572 /* LGZMeViewController.m */,
			);
			path = C;
			sourceTree = "<group>";
		};
		1894C3B31CD8E54C00641572 /* M */ = {
			isa = PBXGroup;
			children = (
			);
			path = M;
			sourceTree = "<group>";
		};
		1894C3B41CD8E54C00641572 /* V */ = {
			isa = PBXGroup;
			children = (
			);
			path = V;
			sourceTree = "<group>";
		};
		1894C3B51CD8E54C00641572 /* New - 新帖 */ = {
			isa = PBXGroup;
			children = (
				1894C3B61CD8E54C00641572 /* C */,
				1894C3B91CD8E54C00641572 /* M */,
				1894C3BA1CD8E54C00641572 /* V */,
			);
			name = "New - 新帖";
			path = "New - 关注";
			sourceTree = "<group>";
		};
		1894C3B61CD8E54C00641572 /* C */ = {
			isa = PBXGroup;
			children = (
				1894C3B71CD8E54C00641572 /* LGZNewViewController.h */,
				1894C3B81CD8E54C00641572 /* LGZNewViewController.m */,
			);
			path = C;
			sourceTree = "<group>";
		};
		1894C3B91CD8E54C00641572 /* M */ = {
			isa = PBXGroup;
			children = (
			);
			path = M;
			sourceTree = "<group>";
		};
		1894C3BA1CD8E54C00641572 /* V */ = {
			isa = PBXGroup;
			children = (
			);
			path = V;
			sourceTree = "<group>";
		};
		1894C3BB1CD8E54C00641572 /* Other - 其他 */ = {
			isa = PBXGroup;
			children = (
				1894C3BE1CD8E54C00641572 /* C */,
				1894C3C81CD8E54C00641572 /* V */,
				1894C3C11CD8E54C00641572 /* Category - 类扩展 */,
				1894C3BC1CD8E54C00641572 /* AppDelegate.h */,
				1894C3BD1CD8E54C00641572 /* AppDelegate.m */,
				1894C3C61CD8E54C00641572 /* main.m */,
				1894C3C71CD8E54C00641572 /* PrefixHeader.pch */,
			);
			path = "Other - 其他";
			sourceTree = "<group>";
		};
		1894C3BE1CD8E54C00641572 /* C */ = {
			isa = PBXGroup;
			children = (
				1894C3BF1CD8E54C00641572 /* LGZTabBarController.h */,
				1894C3C01CD8E54C00641572 /* LGZTabBarController.m */,
				1894C3D51CD8F23900641572 /* LGZNavgationController.h */,
				1894C3D61CD8F23900641572 /* LGZNavgationController.m */,
				18F8B0531CE4189900D67638 /* LGZPublishViewController.h */,
				18F8B0541CE4189900D67638 /* LGZPublishViewController.m */,
				18F8B0551CE4189900D67638 /* LGZPublishViewController.xib */,
			);
			path = C;
			sourceTree = "<group>";
		};
		1894C3C11CD8E54C00641572 /* Category - 类扩展 */ = {
			isa = PBXGroup;
			children = (
				1894C3C21CD8E54C00641572 /* UIBarButtonItem+LGZExtension.h */,
				1894C3C31CD8E54C00641572 /* UIBarButtonItem+LGZExtension.m */,
				1894C3C41CD8E54C00641572 /* UIView+LGZExtension.h */,
				1894C3C51CD8E54C00641572 /* UIView+LGZExtension.m */,
				18F8B0431CE16AC600D67638 /* NSDate+LGZExtension.h */,
				18F8B0441CE16AC600D67638 /* NSDate+LGZExtension.m */,
			);
			path = "Category - 类扩展";
			sourceTree = "<group>";
		};
		1894C3C81CD8E54C00641572 /* V */ = {
			isa = PBXGroup;
			children = (
				1894C3C91CD8E54C00641572 /* LGZTabBar.h */,
				1894C3CA1CD8E54C00641572 /* LGZTabBar.m */,
				18F8B0271CDC3CC900D67638 /* LGZGuidePushView.h */,
				18F8B0281CDC3CC900D67638 /* LGZGuidePushView.m */,
				18F8B02A1CDC3CD700D67638 /* LGZGuidePushView.xib */,
			);
			path = V;
			sourceTree = "<group>";
		};
		189FD4DE1CD883810022DFA9 = {
			isa = PBXGroup;
			children = (
				1894C3DA1CD9882600641572 /* Podfile */,
				189FD4E91CD883810022DFA9 /* 百思不得姐 */,
				189FD5031CD883810022DFA9 /* 百思不得姐Tests */,
				189FD50E1CD883810022DFA9 /* 百思不得姐UITests */,
				189FD4E81CD883810022DFA9 /* Products */,
				A17DB60A04A34BBED0549D95 /* Pods */,
				3B55F67FF640402E9AD2E523 /* Frameworks */,
			);
			sourceTree = "<group>";
		};
		189FD4E81CD883810022DFA9 /* Products */ = {
			isa = PBXGroup;
			children = (
				189FD4E71CD883810022DFA9 /* 百思不得姐.app */,
				189FD5001CD883810022DFA9 /* 百思不得姐Tests.xctest */,
				189FD50B1CD883810022DFA9 /* 百思不得姐UITests.xctest */,
			);
			name = Products;
			sourceTree = "<group>";
		};
		189FD4E91CD883810022DFA9 /* 百思不得姐 */ = {
			isa = PBXGroup;
			children = (
				1894C3A21CD8E54C00641572 /* Classes */,
				189FD4EA1CD883810022DFA9 /* Supporting Files */,
			);
			path = "百思不得姐";
			sourceTree = "<group>";
		};
		189FD4EA1CD883810022DFA9 /* Supporting Files */ = {
			isa = PBXGroup;
			children = (
				189FD4F61CD883810022DFA9 /* Assets.xcassets */,
				189FD4FB1CD883810022DFA9 /* Info.plist */,
			);
			name = "Supporting Files";
			sourceTree = "<group>";
		};
		189FD5031CD883810022DFA9 /* 百思不得姐Tests */ = {
			isa = PBXGroup;
			children = (
				189FD5041CD883810022DFA9 /* _____Tests.m */,
				189FD5061CD883810022DFA9 /* Info.plist */,
			);
			path = "百思不得姐Tests";
			sourceTree = "<group>";
		};
		189FD50E1CD883810022DFA9 /* 百思不得姐UITests */ = {
			isa = PBXGroup;
			children = (
				189FD50F1CD883810022DFA9 /* _____UITests.m */,
				189FD5111CD883810022DFA9 /* Info.plist */,
			);
			path = "百思不得姐UITests";
			sourceTree = "<group>";
		};
		3B55F67FF640402E9AD2E523 /* Frameworks */ = {
			isa = PBXGroup;
			children = (
				BE3659CA91252E244842556A /* libPods.a */,
			);
			name = Frameworks;
			sourceTree = "<group>";
		};
		A17DB60A04A34BBED0549D95 /* Pods */ = {
			isa = PBXGroup;
			children = (
				8079380D8504ADC0D092D806 /* Pods.debug.xcconfig */,
				00703BDDA72BD8607C02051B /* Pods.release.xcconfig */,
			);
			name = Pods;
			sourceTree = "<group>";
		};
/* End PBXGroup section */

/* Begin PBXNativeTarget section */
		189FD4E61CD883810022DFA9 /* 百思不得姐 */ = {
			isa = PBXNativeTarget;
			buildConfigurationList = 189FD5141CD883810022DFA9 /* Build configuration list for PBXNativeTarget "百思不得姐" */;
			buildPhases = (
				C73C1BBE5763CAB9AEF00BCF /* Check Pods Manifest.lock */,
				189FD4E31CD883810022DFA9 /* Sources */,
				189FD4E41CD883810022DFA9 /* Frameworks */,
				189FD4E51CD883810022DFA9 /* Resources */,
				B4870114DE6F8DD3227A0124 /* Embed Pods Frameworks */,
				8744A20560CAC30FACB8A0E8 /* Copy Pods Resources */,
			);
			buildRules = (
			);
			dependencies = (
			);
			name = "百思不得姐";
			productName = "百思不得姐";
			productReference = 189FD4E71CD883810022DFA9 /* 百思不得姐.app */;
			productType = "com.apple.product-type.application";
		};
		189FD4FF1CD883810022DFA9 /* 百思不得姐Tests */ = {
			isa = PBXNativeTarget;
			buildConfigurationList = 189FD5171CD883810022DFA9 /* Build configuration list for PBXNativeTarget "百思不得姐Tests" */;
			buildPhases = (
				189FD4FC1CD883810022DFA9 /* Sources */,
				189FD4FD1CD883810022DFA9 /* Frameworks */,
				189FD4FE1CD883810022DFA9 /* Resources */,
			);
			buildRules = (
			);
			dependencies = (
				189FD5021CD883810022DFA9 /* PBXTargetDependency */,
			);
			name = "百思不得姐Tests";
			productName = "百思不得姐Tests";
			productReference = 189FD5001CD883810022DFA9 /* 百思不得姐Tests.xctest */;
			productType = "com.apple.product-type.bundle.unit-test";
		};
		189FD50A1CD883810022DFA9 /* 百思不得姐UITests */ = {
			isa = PBXNativeTarget;
			buildConfigurationList = 189FD51A1CD883810022DFA9 /* Build configuration list for PBXNativeTarget "百思不得姐UITests" */;
			buildPhases = (
				189FD5071CD883810022DFA9 /* Sources */,
				189FD5081CD883810022DFA9 /* Frameworks */,
				189FD5091CD883810022DFA9 /* Resources */,
			);
			buildRules = (
			);
			dependencies = (
				189FD50D1CD883810022DFA9 /* PBXTargetDependency */,
			);
			name = "百思不得姐UITests";
			productName = "百思不得姐UITests";
			productReference = 189FD50B1CD883810022DFA9 /* 百思不得姐UITests.xctest */;
			productType = "com.apple.product-type.bundle.ui-testing";
		};
/* End PBXNativeTarget section */

/* Begin PBXProject section */
		189FD4DF1CD883810022DFA9 /* Project object */ = {
			isa = PBXProject;
			attributes = {
				CLASSPREFIX = LGZ;
				LastUpgradeCheck = 0730;
				ORGANIZATIONNAME = LGZ;
				TargetAttributes = {
					189FD4E61CD883810022DFA9 = {
						CreatedOnToolsVersion = 7.3;
					};
					189FD4FF1CD883810022DFA9 = {
						CreatedOnToolsVersion = 7.3;
						DevelopmentTeam = 57YXPBC398;
						TestTargetID = 189FD4E61CD883810022DFA9;
					};
					189FD50A1CD883810022DFA9 = {
						CreatedOnToolsVersion = 7.3;
						DevelopmentTeam = 57YXPBC398;
						TestTargetID = 189FD4E61CD883810022DFA9;
					};
				};
			};
			buildConfigurationList = 189FD4E21CD883810022DFA9 /* Build configuration list for PBXProject "百思不得姐" */;
			compatibilityVersion = "Xcode 3.2";
			developmentRegion = English;
			hasScannedForEncodings = 0;
			knownRegions = (
				en,
				Base,
			);
			mainGroup = 189FD4DE1CD883810022DFA9;
			productRefGroup = 189FD4E81CD883810022DFA9 /* Products */;
			projectDirPath = "";
			projectRoot = "";
			targets = (
				189FD4E61CD883810022DFA9 /* 百思不得姐 */,
				189FD4FF1CD883810022DFA9 /* 百思不得姐Tests */,
				189FD50A1CD883810022DFA9 /* 百思不得姐UITests */,
			);
		};
/* End PBXProject section */

/* Begin PBXResourcesBuildPhase section */
		189FD4E51CD883810022DFA9 /* Resources */ = {
			isa = PBXResourcesBuildPhase;
			buildActionMask = 2147483647;
			files = (
				18F8B02B1CDC3CD700D67638 /* LGZGuidePushView.xib in Resources */,
				18F8B0571CE4189900D67638 /* LGZPublishViewController.xib in Resources */,
				1894C3E01CD98E2D00641572 /* LGZFocusController.xib in Resources */,
				1894C3DB1CD9882600641572 /* Podfile in Resources */,
				18F8B0521CE3502700D67638 /* LGZShowPictureController.xib in Resources */,
				18F8B0421CE06F3300D67638 /* LGZTopicsCell.xib in Resources */,
				181ED7A31CD9A90E00D44CF0 /* LGZFocusCategoryCell.xib in Resources */,
				18F8B05C1CE55AB300D67638 /* LGZTopicVoiceView.xib in Resources */,
				181ED7B61CDAEDE400D44CF0 /* LGZTagCell.xib in Resources */,
				189FD4F71CD883810022DFA9 /* Assets.xcassets in Resources */,
				181ED7A81CDA069D00D44CF0 /* LGZUserCell.xib in Resources */,
				181685E81CDB441F005197B3 /* LGZVLoginResginController.xib in Resources */,
				18F8B06C1CE5C05700D67638 /* LGZCommentViewController.xib in Resources */,
				1894C3D91CD9849C00641572 /* LGZFriendTrendsViewController.xib in Resources */,
				18F8B0611CE56ABC00D67638 /* LGZTopicVideoView.xib in Resources */,
				18F8B04D1CE2FB2000D67638 /* LGZTopicPictureView.xib in Resources */,
			);
			runOnlyForDeploymentPostprocessing = 0;
		};
		189FD4FE1CD883810022DFA9 /* Resources */ = {
			isa = PBXResourcesBuildPhase;
			buildActionMask = 2147483647;
			files = (
			);
			runOnlyForDeploymentPostprocessing = 0;
		};
		189FD5091CD883810022DFA9 /* Resources */ = {
			isa = PBXResourcesBuildPhase;
			buildActionMask = 2147483647;
			files = (
			);
			runOnlyForDeploymentPostprocessing = 0;
		};
/* End PBXResourcesBuildPhase section */

/* Begin PBXShellScriptBuildPhase section */
		8744A20560CAC30FACB8A0E8 /* Copy Pods Resources */ = {
			isa = PBXShellScriptBuildPhase;
			buildActionMask = 2147483647;
			files = (
			);
			inputPaths = (
			);
			name = "Copy Pods Resources";
			outputPaths = (
			);
			runOnlyForDeploymentPostprocessing = 0;
			shellPath = /bin/sh;
			shellScript = "\"${SRCROOT}/Pods/Target Support Files/Pods/Pods-resources.sh\"\n";
			showEnvVarsInLog = 0;
		};
		B4870114DE6F8DD3227A0124 /* Embed Pods Frameworks */ = {
			isa = PBXShellScriptBuildPhase;
			buildActionMask = 2147483647;
			files = (
			);
			inputPaths = (
			);
			name = "Embed Pods Frameworks";
			outputPaths = (
			);
			runOnlyForDeploymentPostprocessing = 0;
			shellPath = /bin/sh;
			shellScript = "\"${SRCROOT}/Pods/Target Support Files/Pods/Pods-frameworks.sh\"\n";
			showEnvVarsInLog = 0;
		};
		C73C1BBE5763CAB9AEF00BCF /* Check Pods Manifest.lock */ = {
			isa = PBXShellScriptBuildPhase;
			buildActionMask = 2147483647;
			files = (
			);
			inputPaths = (
			);
			name = "Check Pods Manifest.lock";
			outputPaths = (
			);
			runOnlyForDeploymentPostprocessing = 0;
			shellPath = /bin/sh;
			shellScript = "diff \"${PODS_ROOT}/../Podfile.lock\" \"${PODS_ROOT}/Manifest.lock\" > /dev/null\nif [[ $? != 0 ]] ; then\n    cat << EOM\nerror: The sandbox is not in sync with the Podfile.lock. Run 'pod install' or update your CocoaPods installation.\nEOM\n    exit 1\nfi\n";
			showEnvVarsInLog = 0;
		};
/* End PBXShellScriptBuildPhase section */

/* Begin PBXSourcesBuildPhase section */
		189FD4E31CD883810022DFA9 /* Sources */ = {
			isa = PBXSourcesBuildPhase;
			buildActionMask = 2147483647;
			files = (
				18F8B06B1CE5C05700D67638 /* LGZCommentViewController.m in Sources */,
				181ED7AE1CDAE75F00D44CF0 /* LGZTagTableViewController.m in Sources */,
				181ED7A21CD9A90E00D44CF0 /* LGZFocusCategoryCell.m in Sources */,
				181685E71CDB441F005197B3 /* LGZVLoginResginController.m in Sources */,
				18F8B0411CE06F3300D67638 /* LGZTopicsCell.m in Sources */,
				1894C3DF1CD98E2D00641572 /* LGZFocusController.m in Sources */,
				181ED7B51CDAEDE400D44CF0 /* LGZTagCell.m in Sources */,
				1894C3E31CD9A5D900641572 /* LGZFocusCategory.m in Sources */,
				18F8B04B1CE2FB1100D67638 /* LGZTopicPictureView.m in Sources */,
				1894C3D11CD8E54C00641572 /* UIBarButtonItem+LGZExtension.m in Sources */,
				1894C3CC1CD8E54C00641572 /* LGZFriendTrendsViewController.m in Sources */,
				181685EB1CDB4AE7005197B3 /* LGZOtherLoginButton.m in Sources */,
				1894C3D01CD8E54C00641572 /* LGZTabBarController.m in Sources */,
				18F8B0291CDC3CC900D67638 /* LGZGuidePushView.m in Sources */,
				18F8B0261CDB894800D67638 /* LGZWhitePlaceholderFiled.m in Sources */,
				181ED7AB1CDA0A7400D44CF0 /* LGZUserModel.m in Sources */,
				1894C3D41CD8E54C00641572 /* LGZTabBar.m in Sources */,
				18F8B0481CE1C7CD00D67638 /* LGZBaseTopicsViewController.m in Sources */,
				1894C3CD1CD8E54C00641572 /* LGZMeViewController.m in Sources */,
				18F8B05F1CE56AA900D67638 /* LGZTopicVideoView.m in Sources */,
				1894C3D71CD8F23900641572 /* LGZNavgationController.m in Sources */,
				18F8B0451CE16AC600D67638 /* NSDate+LGZExtension.m in Sources */,
				1894C3CB1CD8E54C00641572 /* LGZEssenceViewController.m in Sources */,
				18F8B0671CE5A11D00D67638 /* LGZUser.m in Sources */,
				18F8B0561CE4189900D67638 /* LGZPublishViewController.m in Sources */,
				18F8B03D1CDF68C800D67638 /* LGZTopics.m in Sources */,
				181ED7B11CDAEB9000D44CF0 /* LGZTagsModel.m in Sources */,
				181ED7A71CDA069D00D44CF0 /* LGZUserCell.m in Sources */,
				1894C3CE1CD8E54C00641572 /* LGZNewViewController.m in Sources */,
				1894C3D21CD8E54C00641572 /* UIView+LGZExtension.m in Sources */,
				18F8B0511CE3502700D67638 /* LGZShowPictureController.m in Sources */,
				1894C3D31CD8E54C00641572 /* main.m in Sources */,
				1894C3CF1CD8E54C00641572 /* AppDelegate.m in Sources */,
				18F8B0641CE5A10C00D67638 /* LGZHotComment.m in Sources */,
				18F8B05A1CE55AA200D67638 /* LGZTopicVoiceView.m in Sources */,
			);
			runOnlyForDeploymentPostprocessing = 0;
		};
		189FD4FC1CD883810022DFA9 /* Sources */ = {
			isa = PBXSourcesBuildPhase;
			buildActionMask = 2147483647;
			files = (
				189FD5051CD883810022DFA9 /* _____Tests.m in Sources */,
			);
			runOnlyForDeploymentPostprocessing = 0;
		};
		189FD5071CD883810022DFA9 /* Sources */ = {
			isa = PBXSourcesBuildPhase;
			buildActionMask = 2147483647;
			files = (
				189FD5101CD883810022DFA9 /* _____UITests.m in Sources */,
			);
			runOnlyForDeploymentPostprocessing = 0;
		};
/* End PBXSourcesBuildPhase section */

/* Begin PBXTargetDependency section */
		189FD5021CD883810022DFA9 /* PBXTargetDependency */ = {
			isa = PBXTargetDependency;
			target = 189FD4E61CD883810022DFA9 /* 百思不得姐 */;
			targetProxy = 189FD5011CD883810022DFA9 /* PBXContainerItemProxy */;
		};
		189FD50D1CD883810022DFA9 /* PBXTargetDependency */ = {
			isa = PBXTargetDependency;
			target = 189FD4E61CD883810022DFA9 /* 百思不得姐 */;
			targetProxy = 189FD50C1CD883810022DFA9 /* PBXContainerItemProxy */;
		};
/* End PBXTargetDependency section */

/* Begin XCBuildConfiguration section */
		189FD5121CD883810022DFA9 /* Debug */ = {
			isa = XCBuildConfiguration;
			buildSettings = {
				ALWAYS_SEARCH_USER_PATHS = NO;
				CLANG_ANALYZER_NONNULL = YES;
				CLANG_CXX_LANGUAGE_STANDARD = "gnu++0x";
				CLANG_CXX_LIBRARY = "libc++";
				CLANG_ENABLE_MODULES = YES;
				CLANG_ENABLE_OBJC_ARC = YES;
				CLANG_WARN_BOOL_CONVERSION = YES;
				CLANG_WARN_CONSTANT_CONVERSION = YES;
				CLANG_WARN_DIRECT_OBJC_ISA_USAGE = YES_ERROR;
				CLANG_WARN_EMPTY_BODY = YES;
				CLANG_WARN_ENUM_CONVERSION = YES;
				CLANG_WARN_INT_CONVERSION = YES;
				CLANG_WARN_OBJC_ROOT_CLASS = YES_ERROR;
				CLANG_WARN_UNREACHABLE_CODE = YES;
				CLANG_WARN__DUPLICATE_METHOD_MATCH = YES;
				"CODE_SIGN_IDENTITY[sdk=iphoneos*]" = "iPhone Developer";
				COPY_PHASE_STRIP = NO;
				DEBUG_INFORMATION_FORMAT = dwarf;
				ENABLE_STRICT_OBJC_MSGSEND = YES;
				ENABLE_TESTABILITY = YES;
				GCC_C_LANGUAGE_STANDARD = gnu99;
				GCC_DYNAMIC_NO_PIC = NO;
				GCC_NO_COMMON_BLOCKS = YES;
				GCC_OPTIMIZATION_LEVEL = 0;
				GCC_PREFIX_HEADER = "百思不得姐/Classes/Other - 其他/PrefixHeader.pch";
				GCC_PREPROCESSOR_DEFINITIONS = (
					"DEBUG=1",
					"$(inherited)",
				);
				GCC_WARN_64_TO_32_BIT_CONVERSION = YES;
				GCC_WARN_ABOUT_RETURN_TYPE = YES_ERROR;
				GCC_WARN_UNDECLARED_SELECTOR = YES;
				GCC_WARN_UNINITIALIZED_AUTOS = YES_AGGRESSIVE;
				GCC_WARN_UNUSED_FUNCTION = YES;
				GCC_WARN_UNUSED_VARIABLE = YES;
				IPHONEOS_DEPLOYMENT_TARGET = 9.3;
				MTL_ENABLE_DEBUG_INFO = YES;
				ONLY_ACTIVE_ARCH = YES;
				SDKROOT = iphoneos;
				TARGETED_DEVICE_FAMILY = "1,2";
			};
			name = Debug;
		};
		189FD5131CD883810022DFA9 /* Release */ = {
			isa = XCBuildConfiguration;
			buildSettings = {
				ALWAYS_SEARCH_USER_PATHS = NO;
				CLANG_ANALYZER_NONNULL = YES;
				CLANG_CXX_LANGUAGE_STANDARD = "gnu++0x";
				CLANG_CXX_LIBRARY = "libc++";
				CLANG_ENABLE_MODULES = YES;
				CLANG_ENABLE_OBJC_ARC = YES;
				CLANG_WARN_BOOL_CONVERSION = YES;
				CLANG_WARN_CONSTANT_CONVERSION = YES;
				CLANG_WARN_DIRECT_OBJC_ISA_USAGE = YES_ERROR;
				CLANG_WARN_EMPTY_BODY = YES;
				CLANG_WARN_ENUM_CONVERSION = YES;
				CLANG_WARN_INT_CONVERSION = YES;
				CLANG_WARN_OBJC_ROOT_CLASS = YES_ERROR;
				CLANG_WARN_UNREACHABLE_CODE = YES;
				CLANG_WARN__DUPLICATE_METHOD_MATCH = YES;
				"CODE_SIGN_IDENTITY[sdk=iphoneos*]" = "iPhone Developer";
				COPY_PHASE_STRIP = NO;
				DEBUG_INFORMATION_FORMAT = "dwarf-with-dsym";
				ENABLE_NS_ASSERTIONS = NO;
				ENABLE_STRICT_OBJC_MSGSEND = YES;
				GCC_C_LANGUAGE_STANDARD = gnu99;
				GCC_NO_COMMON_BLOCKS = YES;
				GCC_PREFIX_HEADER = "百思不得姐/Classes/Other - 其他/PrefixHeader.pch";
				GCC_WARN_64_TO_32_BIT_CONVERSION = YES;
				GCC_WARN_ABOUT_RETURN_TYPE = YES_ERROR;
				GCC_WARN_UNDECLARED_SELECTOR = YES;
				GCC_WARN_UNINITIALIZED_AUTOS = YES_AGGRESSIVE;
				GCC_WARN_UNUSED_FUNCTION = YES;
				GCC_WARN_UNUSED_VARIABLE = YES;
				IPHONEOS_DEPLOYMENT_TARGET = 9.3;
				MTL_ENABLE_DEBUG_INFO = NO;
				SDKROOT = iphoneos;
				TARGETED_DEVICE_FAMILY = "1,2";
				VALIDATE_PRODUCT = YES;
			};
			name = Release;
		};
		189FD5151CD883810022DFA9 /* Debug */ = {
			isa = XCBuildConfiguration;
			baseConfigurationReference = 8079380D8504ADC0D092D806 /* Pods.debug.xcconfig */;
			buildSettings = {
				ASSETCATALOG_COMPILER_APPICON_NAME = AppIcon;
				ASSETCATALOG_COMPILER_LAUNCHIMAGE_NAME = "Brand Assets";
				CODE_SIGN_IDENTITY = "iPhone Developer";
				"CODE_SIGN_IDENTITY[sdk=iphoneos*]" = "iPhone Developer";
				INFOPLIST_FILE = "百思不得姐/Info.plist";
				IPHONEOS_DEPLOYMENT_TARGET = 8.0;
				LD_RUNPATH_SEARCH_PATHS = "$(inherited) @executable_path/Frameworks";
				PRODUCT_BUNDLE_IDENTIFIER = "luoganzhi.com.-----";
				PRODUCT_NAME = "$(TARGET_NAME)";
				PROVISIONING_PROFILE = "";
				TARGETED_DEVICE_FAMILY = 1;
			};
			name = Debug;
		};
		189FD5161CD883810022DFA9 /* Release */ = {
			isa = XCBuildConfiguration;
			baseConfigurationReference = 00703BDDA72BD8607C02051B /* Pods.release.xcconfig */;
			buildSettings = {
				ASSETCATALOG_COMPILER_APPICON_NAME = AppIcon;
				ASSETCATALOG_COMPILER_LAUNCHIMAGE_NAME = "Brand Assets";
				CODE_SIGN_IDENTITY = "iPhone Developer";
				"CODE_SIGN_IDENTITY[sdk=iphoneos*]" = "iPhone Developer";
				INFOPLIST_FILE = "百思不得姐/Info.plist";
				IPHONEOS_DEPLOYMENT_TARGET = 8.0;
				LD_RUNPATH_SEARCH_PATHS = "$(inherited) @executable_path/Frameworks";
				PRODUCT_BUNDLE_IDENTIFIER = "luoganzhi.com.-----";
				PRODUCT_NAME = "$(TARGET_NAME)";
				PROVISIONING_PROFILE = "";
				TARGETED_DEVICE_FAMILY = 1;
			};
			name = Release;
		};
		189FD5181CD883810022DFA9 /* Debug */ = {
			isa = XCBuildConfiguration;
			buildSettings = {
				BUNDLE_LOADER = "$(TEST_HOST)";
				INFOPLIST_FILE = "百思不得姐Tests/Info.plist";
				LD_RUNPATH_SEARCH_PATHS = "$(inherited) @executable_path/Frameworks @loader_path/Frameworks";
				PRODUCT_BUNDLE_IDENTIFIER = "luoganzhi.com.-----Tests";
				PRODUCT_NAME = "$(TARGET_NAME)";
				TEST_HOST = "$(BUILT_PRODUCTS_DIR)/百思不得姐.app/百思不得姐";
			};
			name = Debug;
		};
		189FD5191CD883810022DFA9 /* Release */ = {
			isa = XCBuildConfiguration;
			buildSettings = {
				BUNDLE_LOADER = "$(TEST_HOST)";
				INFOPLIST_FILE = "百思不得姐Tests/Info.plist";
				LD_RUNPATH_SEARCH_PATHS = "$(inherited) @executable_path/Frameworks @loader_path/Frameworks";
				PRODUCT_BUNDLE_IDENTIFIER = "luoganzhi.com.-----Tests";
				PRODUCT_NAME = "$(TARGET_NAME)";
				TEST_HOST = "$(BUILT_PRODUCTS_DIR)/百思不得姐.app/百思不得姐";
			};
			name = Release;
		};
		189FD51B1CD883810022DFA9 /* Debug */ = {
			isa = XCBuildConfiguration;
			buildSettings = {
				INFOPLIST_FILE = "百思不得姐UITests/Info.plist";
				LD_RUNPATH_SEARCH_PATHS = "$(inherited) @executable_path/Frameworks @loader_path/Frameworks";
				PRODUCT_BUNDLE_IDENTIFIER = "luoganzhi.com.-----UITests";
				PRODUCT_NAME = "$(TARGET_NAME)";
				TEST_TARGET_NAME = "百思不得姐";
			};
			name = Debug;
		};
		189FD51C1CD883810022DFA9 /* Release */ = {
			isa = XCBuildConfiguration;
			buildSettings = {
				INFOPLIST_FILE = "百思不得姐UITests/Info.plist";
				LD_RUNPATH_SEARCH_PATHS = "$(inherited) @executable_path/Frameworks @loader_path/Frameworks";
				PRODUCT_BUNDLE_IDENTIFIER = "luoganzhi.com.-----UITests";
				PRODUCT_NAME = "$(TARGET_NAME)";
				TEST_TARGET_NAME = "百思不得姐";
			};
			name = Release;
		};
/* End XCBuildConfiguration section */

/* Begin XCConfigurationList section */
		189FD4E21CD883810022DFA9 /* Build configuration list for PBXProject "百思不得姐" */ = {
			isa = XCConfigurationList;
			buildConfigurations = (
				189FD5121CD883810022DFA9 /* Debug */,
				189FD5131CD883810022DFA9 /* Release */,
			);
			defaultConfigurationIsVisible = 0;
			defaultConfigurationName = Release;
		};
		189FD5141CD883810022DFA9 /* Build configuration list for PBXNativeTarget "百思不得姐" */ = {
			isa = XCConfigurationList;
			buildConfigurations = (
				189FD5151CD883810022DFA9 /* Debug */,
				189FD5161CD883810022DFA9 /* Release */,
			);
			defaultConfigurationIsVisible = 0;
			defaultConfigurationName = Release;
		};
		189FD5171CD883810022DFA9 /* Build configuration list for PBXNativeTarget "百思不得姐Tests" */ = {
			isa = XCConfigurationList;
			buildConfigurations = (
				189FD5181CD883810022DFA9 /* Debug */,
				189FD5191CD883810022DFA9 /* Release */,
			);
			defaultConfigurationIsVisible = 0;
			defaultConfigurationName = Release;
		};
		189FD51A1CD883810022DFA9 /* Build configuration list for PBXNativeTarget "百思不得姐UITests" */ = {
			isa = XCConfigurationList;
			buildConfigurations = (
				189FD51B1CD883810022DFA9 /* Debug */,
				189FD51C1CD883810022DFA9 /* Release */,
			);
			defaultConfigurationIsVisible = 0;
			defaultConfigurationName = Release;
		};
/* End XCConfigurationList section */
	};
	rootObject = 189FD4DF1CD883810022DFA9 /* Project object */;
}
