// !$*UTF8*$!
{
	archiveVersion = 1;
	classes = {
	};
	objectVersion = 46;
	objects = {

/* Begin PBXBuildFile section */
		189FD4EC1CD883810022DFA9 /* main.m in Sources */ = {isa = PBXBuildFile; fileRef = 189FD4EB1CD883810022DFA9 /* main.m */; };
		189FD4EF1CD883810022DFA9 /* AppDelegate.m in Sources */ = {isa = PBXBuildFile; fileRef = 189FD4EE1CD883810022DFA9 /* AppDelegate.m */; };
		189FD4F71CD883810022DFA9 /* Assets.xcassets in Resources */ = {isa = PBXBuildFile; fileRef = 189FD4F61CD883810022DFA9 /* Assets.xcassets */; };
		189FD5051CD883810022DFA9 /* _____Tests.m in Sources */ = {isa = PBXBuildFile; fileRef = 189FD5041CD883810022DFA9 /* _____Tests.m */; };
		189FD5101CD883810022DFA9 /* _____UITests.m in Sources */ = {isa = PBXBuildFile; fileRef = 189FD50F1CD883810022DFA9 /* _____UITests.m */; };
		189FD51F1CD890FA0022DFA9 /* LGZTabBarController.m in Sources */ = {isa = PBXBuildFile; fileRef = 189FD51E1CD890FA0022DFA9 /* LGZTabBarController.m */; };
		189FD5221CD89AD30022DFA9 /* LGZEssenceViewController.m in Sources */ = {isa = PBXBuildFile; fileRef = 189FD5211CD89AD30022DFA9 /* LGZEssenceViewController.m */; };
		189FD5251CD89AE50022DFA9 /* LGZNewViewController.m in Sources */ = {isa = PBXBuildFile; fileRef = 189FD5241CD89AE50022DFA9 /* LGZNewViewController.m */; };
		189FD5281CD89B060022DFA9 /* LGZFriendTrendsViewController.m in Sources */ = {isa = PBXBuildFile; fileRef = 189FD5271CD89B060022DFA9 /* LGZFriendTrendsViewController.m */; };
		189FD52B1CD89B0F0022DFA9 /* LGZMeViewController.m in Sources */ = {isa = PBXBuildFile; fileRef = 189FD52A1CD89B0F0022DFA9 /* LGZMeViewController.m */; };
		189FD52E1CD8A3730022DFA9 /* LGZTabBar.m in Sources */ = {isa = PBXBuildFile; fileRef = 189FD52D1CD8A3730022DFA9 /* LGZTabBar.m */; };
		189FD5311CD8AEA30022DFA9 /* UIView+LGZExtension.m in Sources */ = {isa = PBXBuildFile; fileRef = 189FD5301CD8AEA30022DFA9 /* UIView+LGZExtension.m */; };
/* End PBXBuildFile section */

/* Begin PBXContainerItemProxy section */
		189FD5011CD883810022DFA9 /* PBXContainerItemProxy */ = {
			isa = PBXContainerItemProxy;
			containerPortal = 189FD4DF1CD883810022DFA9 /* Project object */;
			proxyType = 1;
			remoteGlobalIDString = 189FD4E61CD883810022DFA9;
			remoteInfo = "百思不得姐";
		};
		189FD50C1CD883810022DFA9 /* PBXContainerItemProxy */ = {
			isa = PBXContainerItemProxy;
			containerPortal = 189FD4DF1CD883810022DFA9 /* Project object */;
			proxyType = 1;
			remoteGlobalIDString = 189FD4E61CD883810022DFA9;
			remoteInfo = "百思不得姐";
		};
/* End PBXContainerItemProxy section */

/* Begin PBXFileReference section */
		189FD4E71CD883810022DFA9 /* 百思不得姐.app */ = {isa = PBXFileReference; explicitFileType = wrapper.application; includeInIndex = 0; path = "百思不得姐.app"; sourceTree = BUILT_PRODUCTS_DIR; };
		189FD4EB1CD883810022DFA9 /* main.m */ = {isa = PBXFileReference; lastKnownFileType = sourcecode.c.objc; path = main.m; sourceTree = "<group>"; };
		189FD4ED1CD883810022DFA9 /* AppDelegate.h */ = {isa = PBXFileReference; lastKnownFileType = sourcecode.c.h; path = AppDelegate.h; sourceTree = "<group>"; };
		189FD4EE1CD883810022DFA9 /* AppDelegate.m */ = {isa = PBXFileReference; lastKnownFileType = sourcecode.c.objc; path = AppDelegate.m; sourceTree = "<group>"; };
		189FD4F61CD883810022DFA9 /* Assets.xcassets */ = {isa = PBXFileReference; lastKnownFileType = folder.assetcatalog; path = Assets.xcassets; sourceTree = "<group>"; };
		189FD4FB1CD883810022DFA9 /* Info.plist */ = {isa = PBXFileReference; lastKnownFileType = text.plist.xml; path = Info.plist; sourceTree = "<group>"; };
		189FD5001CD883810022DFA9 /* 百思不得姐Tests.xctest */ = {isa = PBXFileReference; explicitFileType = wrapper.cfbundle; includeInIndex = 0; path = "百思不得姐Tests.xctest"; sourceTree = BUILT_PRODUCTS_DIR; };
		189FD5041CD883810022DFA9 /* _____Tests.m */ = {isa = PBXFileReference; lastKnownFileType = sourcecode.c.objc; path = "_____Tests.m"; sourceTree = "<group>"; };
		189FD5061CD883810022DFA9 /* Info.plist */ = {isa = PBXFileReference; lastKnownFileType = text.plist.xml; path = Info.plist; sourceTree = "<group>"; };
		189FD50B1CD883810022DFA9 /* 百思不得姐UITests.xctest */ = {isa = PBXFileReference; explicitFileType = wrapper.cfbundle; includeInIndex = 0; path = "百思不得姐UITests.xctest"; sourceTree = BUILT_PRODUCTS_DIR; };
		189FD50F1CD883810022DFA9 /* _____UITests.m */ = {isa = PBXFileReference; lastKnownFileType = sourcecode.c.objc; path = "_____UITests.m"; sourceTree = "<group>"; };
		189FD5111CD883810022DFA9 /* Info.plist */ = {isa = PBXFileReference; lastKnownFileType = text.plist.xml; path = Info.plist; sourceTree = "<group>"; };
		189FD51D1CD890FA0022DFA9 /* LGZTabBarController.h */ = {isa = PBXFileReference; fileEncoding = 4; lastKnownFileType = sourcecode.c.h; path = LGZTabBarController.h; sourceTree = "<group>"; };
		189FD51E1CD890FA0022DFA9 /* LGZTabBarController.m */ = {isa = PBXFileReference; fileEncoding = 4; lastKnownFileType = sourcecode.c.objc; path = LGZTabBarController.m; sourceTree = "<group>"; };
		189FD5201CD89AD30022DFA9 /* LGZEssenceViewController.h */ = {isa = PBXFileReference; fileEncoding = 4; lastKnownFileType = sourcecode.c.h; path = LGZEssenceViewController.h; sourceTree = "<group>"; };
		189FD5211CD89AD30022DFA9 /* LGZEssenceViewController.m */ = {isa = PBXFileReference; fileEncoding = 4; lastKnownFileType = sourcecode.c.objc; path = LGZEssenceViewController.m; sourceTree = "<group>"; };
		189FD5231CD89AE50022DFA9 /* LGZNewViewController.h */ = {isa = PBXFileReference; fileEncoding = 4; lastKnownFileType = sourcecode.c.h; path = LGZNewViewController.h; sourceTree = "<group>"; };
		189FD5241CD89AE50022DFA9 /* LGZNewViewController.m */ = {isa = PBXFileReference; fileEncoding = 4; lastKnownFileType = sourcecode.c.objc; path = LGZNewViewController.m; sourceTree = "<group>"; };
		189FD5261CD89B060022DFA9 /* LGZFriendTrendsViewController.h */ = {isa = PBXFileReference; fileEncoding = 4; lastKnownFileType = sourcecode.c.h; path = LGZFriendTrendsViewController.h; sourceTree = "<group>"; };
		189FD5271CD89B060022DFA9 /* LGZFriendTrendsViewController.m */ = {isa = PBXFileReference; fileEncoding = 4; lastKnownFileType = sourcecode.c.objc; path = LGZFriendTrendsViewController.m; sourceTree = "<group>"; };
		189FD5291CD89B0F0022DFA9 /* LGZMeViewController.h */ = {isa = PBXFileReference; fileEncoding = 4; lastKnownFileType = sourcecode.c.h; path = LGZMeViewController.h; sourceTree = "<group>"; };
		189FD52A1CD89B0F0022DFA9 /* LGZMeViewController.m */ = {isa = PBXFileReference; fileEncoding = 4; lastKnownFileType = sourcecode.c.objc; path = LGZMeViewController.m; sourceTree = "<group>"; };
		189FD52C1CD8A3730022DFA9 /* LGZTabBar.h */ = {isa = PBXFileReference; fileEncoding = 4; lastKnownFileType = sourcecode.c.h; path = LGZTabBar.h; sourceTree = "<group>"; };
		189FD52D1CD8A3730022DFA9 /* LGZTabBar.m */ = {isa = PBXFileReference; fileEncoding = 4; lastKnownFileType = sourcecode.c.objc; path = LGZTabBar.m; sourceTree = "<group>"; };
		189FD52F1CD8AEA30022DFA9 /* UIView+LGZExtension.h */ = {isa = PBXFileReference; fileEncoding = 4; lastKnownFileType = sourcecode.c.h; path = "UIView+LGZExtension.h"; sourceTree = "<group>"; };
		189FD5301CD8AEA30022DFA9 /* UIView+LGZExtension.m */ = {isa = PBXFileReference; fileEncoding = 4; lastKnownFileType = sourcecode.c.objc; path = "UIView+LGZExtension.m"; sourceTree = "<group>"; };
		189FD5321CD8AF370022DFA9 /* PrefixHeader.pch */ = {isa = PBXFileReference; lastKnownFileType = sourcecode.c.h; path = PrefixHeader.pch; sourceTree = "<group>"; };
/* End PBXFileReference section */

/* Begin PBXFrameworksBuildPhase section */
		189FD4E41CD883810022DFA9 /* Frameworks */ = {
			isa = PBXFrameworksBuildPhase;
			buildActionMask = 2147483647;
			files = (
			);
			runOnlyForDeploymentPostprocessing = 0;
		};
		189FD4FD1CD883810022DFA9 /* Frameworks */ = {
			isa = PBXFrameworksBuildPhase;
			buildActionMask = 2147483647;
			files = (
			);
			runOnlyForDeploymentPostprocessing = 0;
		};
		189FD5081CD883810022DFA9 /* Frameworks */ = {
			isa = PBXFrameworksBuildPhase;
			buildActionMask = 2147483647;
			files = (
			);
			runOnlyForDeploymentPostprocessing = 0;
		};
/* End PBXFrameworksBuildPhase section */

/* Begin PBXGroup section */
		189FD4DE1CD883810022DFA9 = {
			isa = PBXGroup;
			children = (
				189FD4E91CD883810022DFA9 /* 百思不得姐 */,
				189FD5031CD883810022DFA9 /* 百思不得姐Tests */,
				189FD50E1CD883810022DFA9 /* 百思不得姐UITests */,
				189FD4E81CD883810022DFA9 /* Products */,
			);
			sourceTree = "<group>";
		};
		189FD4E81CD883810022DFA9 /* Products */ = {
			isa = PBXGroup;
			children = (
				189FD4E71CD883810022DFA9 /* 百思不得姐.app */,
				189FD5001CD883810022DFA9 /* 百思不得姐Tests.xctest */,
				189FD50B1CD883810022DFA9 /* 百思不得姐UITests.xctest */,
			);
			name = Products;
			sourceTree = "<group>";
		};
		189FD4E91CD883810022DFA9 /* 百思不得姐 */ = {
			isa = PBXGroup;
			children = (
				189FD4ED1CD883810022DFA9 /* AppDelegate.h */,
				189FD4EE1CD883810022DFA9 /* AppDelegate.m */,
				189FD5201CD89AD30022DFA9 /* LGZEssenceViewController.h */,
				189FD5211CD89AD30022DFA9 /* LGZEssenceViewController.m */,
				189FD5291CD89B0F0022DFA9 /* LGZMeViewController.h */,
				189FD52A1CD89B0F0022DFA9 /* LGZMeViewController.m */,
				189FD5261CD89B060022DFA9 /* LGZFriendTrendsViewController.h */,
				189FD5271CD89B060022DFA9 /* LGZFriendTrendsViewController.m */,
				189FD5231CD89AE50022DFA9 /* LGZNewViewController.h */,
				189FD5241CD89AE50022DFA9 /* LGZNewViewController.m */,
				189FD51D1CD890FA0022DFA9 /* LGZTabBarController.h */,
				189FD51E1CD890FA0022DFA9 /* LGZTabBarController.m */,
				189FD52C1CD8A3730022DFA9 /* LGZTabBar.h */,
				189FD52D1CD8A3730022DFA9 /* LGZTabBar.m */,
				189FD52F1CD8AEA30022DFA9 /* UIView+LGZExtension.h */,
				189FD5301CD8AEA30022DFA9 /* UIView+LGZExtension.m */,
				189FD5321CD8AF370022DFA9 /* PrefixHeader.pch */,
				189FD4EA1CD883810022DFA9 /* Supporting Files */,
			);
			path = "百思不得姐";
			sourceTree = "<group>";
		};
		189FD4EA1CD883810022DFA9 /* Supporting Files */ = {
			isa = PBXGroup;
			children = (
				189FD4F61CD883810022DFA9 /* Assets.xcassets */,
				189FD4FB1CD883810022DFA9 /* Info.plist */,
				189FD4EB1CD883810022DFA9 /* main.m */,
			);
			name = "Supporting Files";
			sourceTree = "<group>";
		};
		189FD5031CD883810022DFA9 /* 百思不得姐Tests */ = {
			isa = PBXGroup;
			children = (
				189FD5041CD883810022DFA9 /* _____Tests.m */,
				189FD5061CD883810022DFA9 /* Info.plist */,
			);
			path = "百思不得姐Tests";
			sourceTree = "<group>";
		};
		189FD50E1CD883810022DFA9 /* 百思不得姐UITests */ = {
			isa = PBXGroup;
			children = (
				189FD50F1CD883810022DFA9 /* _____UITests.m */,
				189FD5111CD883810022DFA9 /* Info.plist */,
			);
			path = "百思不得姐UITests";
			sourceTree = "<group>";
		};
/* End PBXGroup section */

/* Begin PBXNativeTarget section */
		189FD4E61CD883810022DFA9 /* 百思不得姐 */ = {
			isa = PBXNativeTarget;
			buildConfigurationList = 189FD5141CD883810022DFA9 /* Build configuration list for PBXNativeTarget "百思不得姐" */;
			buildPhases = (
				189FD4E31CD883810022DFA9 /* Sources */,
				189FD4E41CD883810022DFA9 /* Frameworks */,
				189FD4E51CD883810022DFA9 /* Resources */,
			);
			buildRules = (
			);
			dependencies = (
			);
			name = "百思不得姐";
			productName = "百思不得姐";
			productReference = 189FD4E71CD883810022DFA9 /* 百思不得姐.app */;
			productType = "com.apple.product-type.application";
		};
		189FD4FF1CD883810022DFA9 /* 百思不得姐Tests */ = {
			isa = PBXNativeTarget;
			buildConfigurationList = 189FD5171CD883810022DFA9 /* Build configuration list for PBXNativeTarget "百思不得姐Tests" */;
			buildPhases = (
				189FD4FC1CD883810022DFA9 /* Sources */,
				189FD4FD1CD883810022DFA9 /* Frameworks */,
				189FD4FE1CD883810022DFA9 /* Resources */,
			);
			buildRules = (
			);
			dependencies = (
				189FD5021CD883810022DFA9 /* PBXTargetDependency */,
			);
			name = "百思不得姐Tests";
			productName = "百思不得姐Tests";
			productReference = 189FD5001CD883810022DFA9 /* 百思不得姐Tests.xctest */;
			productType = "com.apple.product-type.bundle.unit-test";
		};
		189FD50A1CD883810022DFA9 /* 百思不得姐UITests */ = {
			isa = PBXNativeTarget;
			buildConfigurationList = 189FD51A1CD883810022DFA9 /* Build configuration list for PBXNativeTarget "百思不得姐UITests" */;
			buildPhases = (
				189FD5071CD883810022DFA9 /* Sources */,
				189FD5081CD883810022DFA9 /* Frameworks */,
				189FD5091CD883810022DFA9 /* Resources */,
			);
			buildRules = (
			);
			dependencies = (
				189FD50D1CD883810022DFA9 /* PBXTargetDependency */,
			);
			name = "百思不得姐UITests";
			productName = "百思不得姐UITests";
			productReference = 189FD50B1CD883810022DFA9 /* 百思不得姐UITests.xctest */;
			productType = "com.apple.product-type.bundle.ui-testing";
		};
/* End PBXNativeTarget section */

/* Begin PBXProject section */
		189FD4DF1CD883810022DFA9 /* Project object */ = {
			isa = PBXProject;
			attributes = {
				CLASSPREFIX = LGZ;
				LastUpgradeCheck = 0730;
				ORGANIZATIONNAME = LGZ;
				TargetAttributes = {
					189FD4E61CD883810022DFA9 = {
						CreatedOnToolsVersion = 7.3;
					};
					189FD4FF1CD883810022DFA9 = {
						CreatedOnToolsVersion = 7.3;
						DevelopmentTeam = 57YXPBC398;
						TestTargetID = 189FD4E61CD883810022DFA9;
					};
					189FD50A1CD883810022DFA9 = {
						CreatedOnToolsVersion = 7.3;
						DevelopmentTeam = 57YXPBC398;
						TestTargetID = 189FD4E61CD883810022DFA9;
					};
				};
			};
			buildConfigurationList = 189FD4E21CD883810022DFA9 /* Build configuration list for PBXProject "百思不得姐" */;
			compatibilityVersion = "Xcode 3.2";
			developmentRegion = English;
			hasScannedForEncodings = 0;
			knownRegions = (
				en,
				Base,
			);
			mainGroup = 189FD4DE1CD883810022DFA9;
			productRefGroup = 189FD4E81CD883810022DFA9 /* Products */;
			projectDirPath = "";
			projectRoot = "";
			targets = (
				189FD4E61CD883810022DFA9 /* 百思不得姐 */,
				189FD4FF1CD883810022DFA9 /* 百思不得姐Tests */,
				189FD50A1CD883810022DFA9 /* 百思不得姐UITests */,
			);
		};
/* End PBXProject section */

/* Begin PBXResourcesBuildPhase section */
		189FD4E51CD883810022DFA9 /* Resources */ = {
			isa = PBXResourcesBuildPhase;
			buildActionMask = 2147483647;
			files = (
				189FD4F71CD883810022DFA9 /* Assets.xcassets in Resources */,
			);
			runOnlyForDeploymentPostprocessing = 0;
		};
		189FD4FE1CD883810022DFA9 /* Resources */ = {
			isa = PBXResourcesBuildPhase;
			buildActionMask = 2147483647;
			files = (
			);
			runOnlyForDeploymentPostprocessing = 0;
		};
		189FD5091CD883810022DFA9 /* Resources */ = {
			isa = PBXResourcesBuildPhase;
			buildActionMask = 2147483647;
			files = (
			);
			runOnlyForDeploymentPostprocessing = 0;
		};
/* End PBXResourcesBuildPhase section */

/* Begin PBXSourcesBuildPhase section */
		189FD4E31CD883810022DFA9 /* Sources */ = {
			isa = PBXSourcesBuildPhase;
			buildActionMask = 2147483647;
			files = (
				189FD4EF1CD883810022DFA9 /* AppDelegate.m in Sources */,
				189FD5251CD89AE50022DFA9 /* LGZNewViewController.m in Sources */,
				189FD51F1CD890FA0022DFA9 /* LGZTabBarController.m in Sources */,
				189FD4EC1CD883810022DFA9 /* main.m in Sources */,
				189FD5281CD89B060022DFA9 /* LGZFriendTrendsViewController.m in Sources */,
				189FD52B1CD89B0F0022DFA9 /* LGZMeViewController.m in Sources */,
				189FD5221CD89AD30022DFA9 /* LGZEssenceViewController.m in Sources */,
				189FD5311CD8AEA30022DFA9 /* UIView+LGZExtension.m in Sources */,
				189FD52E1CD8A3730022DFA9 /* LGZTabBar.m in Sources */,
			);
			runOnlyForDeploymentPostprocessing = 0;
		};
		189FD4FC1CD883810022DFA9 /* Sources */ = {
			isa = PBXSourcesBuildPhase;
			buildActionMask = 2147483647;
			files = (
				189FD5051CD883810022DFA9 /* _____Tests.m in Sources */,
			);
			runOnlyForDeploymentPostprocessing = 0;
		};
		189FD5071CD883810022DFA9 /* Sources */ = {
			isa = PBXSourcesBuildPhase;
			buildActionMask = 2147483647;
			files = (
				189FD5101CD883810022DFA9 /* _____UITests.m in Sources */,
			);
			runOnlyForDeploymentPostprocessing = 0;
		};
/* End PBXSourcesBuildPhase section */

/* Begin PBXTargetDependency section */
		189FD5021CD883810022DFA9 /* PBXTargetDependency */ = {
			isa = PBXTargetDependency;
			target = 189FD4E61CD883810022DFA9 /* 百思不得姐 */;
			targetProxy = 189FD5011CD883810022DFA9 /* PBXContainerItemProxy */;
		};
		189FD50D1CD883810022DFA9 /* PBXTargetDependency */ = {
			isa = PBXTargetDependency;
			target = 189FD4E61CD883810022DFA9 /* 百思不得姐 */;
			targetProxy = 189FD50C1CD883810022DFA9 /* PBXContainerItemProxy */;
		};
/* End PBXTargetDependency section */

/* Begin XCBuildConfiguration section */
		189FD5121CD883810022DFA9 /* Debug */ = {
			isa = XCBuildConfiguration;
			buildSettings = {
				ALWAYS_SEARCH_USER_PATHS = NO;
				CLANG_ANALYZER_NONNULL = YES;
				CLANG_CXX_LANGUAGE_STANDARD = "gnu++0x";
				CLANG_CXX_LIBRARY = "libc++";
				CLANG_ENABLE_MODULES = YES;
				CLANG_ENABLE_OBJC_ARC = YES;
				CLANG_WARN_BOOL_CONVERSION = YES;
				CLANG_WARN_CONSTANT_CONVERSION = YES;
				CLANG_WARN_DIRECT_OBJC_ISA_USAGE = YES_ERROR;
				CLANG_WARN_EMPTY_BODY = YES;
				CLANG_WARN_ENUM_CONVERSION = YES;
				CLANG_WARN_INT_CONVERSION = YES;
				CLANG_WARN_OBJC_ROOT_CLASS = YES_ERROR;
				CLANG_WARN_UNREACHABLE_CODE = YES;
				CLANG_WARN__DUPLICATE_METHOD_MATCH = YES;
				"CODE_SIGN_IDENTITY[sdk=iphoneos*]" = "iPhone Developer";
				COPY_PHASE_STRIP = NO;
				DEBUG_INFORMATION_FORMAT = dwarf;
				ENABLE_STRICT_OBJC_MSGSEND = YES;
				ENABLE_TESTABILITY = YES;
				GCC_C_LANGUAGE_STANDARD = gnu99;
				GCC_DYNAMIC_NO_PIC = NO;
				GCC_NO_COMMON_BLOCKS = YES;
				GCC_OPTIMIZATION_LEVEL = 0;
				GCC_PREFIX_HEADER = "百思不得姐/PrefixHeader.pch";
				GCC_PREPROCESSOR_DEFINITIONS = (
					"DEBUG=1",
					"$(inherited)",
				);
				GCC_WARN_64_TO_32_BIT_CONVERSION = YES;
				GCC_WARN_ABOUT_RETURN_TYPE = YES_ERROR;
				GCC_WARN_UNDECLARED_SELECTOR = YES;
				GCC_WARN_UNINITIALIZED_AUTOS = YES_AGGRESSIVE;
				GCC_WARN_UNUSED_FUNCTION = YES;
				GCC_WARN_UNUSED_VARIABLE = YES;
				IPHONEOS_DEPLOYMENT_TARGET = 9.3;
				MTL_ENABLE_DEBUG_INFO = YES;
				ONLY_ACTIVE_ARCH = YES;
				SDKROOT = iphoneos;
				TARGETED_DEVICE_FAMILY = "1,2";
			};
			name = Debug;
		};
		189FD5131CD883810022DFA9 /* Release */ = {
			isa = XCBuildConfiguration;
			buildSettings = {
				ALWAYS_SEARCH_USER_PATHS = NO;
				CLANG_ANALYZER_NONNULL = YES;
				CLANG_CXX_LANGUAGE_STANDARD = "gnu++0x";
				CLANG_CXX_LIBRARY = "libc++";
				CLANG_ENABLE_MODULES = YES;
				CLANG_ENABLE_OBJC_ARC = YES;
				CLANG_WARN_BOOL_CONVERSION = YES;
				CLANG_WARN_CONSTANT_CONVERSION = YES;
				CLANG_WARN_DIRECT_OBJC_ISA_USAGE = YES_ERROR;
				CLANG_WARN_EMPTY_BODY = YES;
				CLANG_WARN_ENUM_CONVERSION = YES;
				CLANG_WARN_INT_CONVERSION = YES;
				CLANG_WARN_OBJC_ROOT_CLASS = YES_ERROR;
				CLANG_WARN_UNREACHABLE_CODE = YES;
				CLANG_WARN__DUPLICATE_METHOD_MATCH = YES;
				"CODE_SIGN_IDENTITY[sdk=iphoneos*]" = "iPhone Developer";
				COPY_PHASE_STRIP = NO;
				DEBUG_INFORMATION_FORMAT = "dwarf-with-dsym";
				ENABLE_NS_ASSERTIONS = NO;
				ENABLE_STRICT_OBJC_MSGSEND = YES;
				GCC_C_LANGUAGE_STANDARD = gnu99;
				GCC_NO_COMMON_BLOCKS = YES;
				GCC_PREFIX_HEADER = "百思不得姐/PrefixHeader.pch";
				GCC_WARN_64_TO_32_BIT_CONVERSION = YES;
				GCC_WARN_ABOUT_RETURN_TYPE = YES_ERROR;
				GCC_WARN_UNDECLARED_SELECTOR = YES;
				GCC_WARN_UNINITIALIZED_AUTOS = YES_AGGRESSIVE;
				GCC_WARN_UNUSED_FUNCTION = YES;
				GCC_WARN_UNUSED_VARIABLE = YES;
				IPHONEOS_DEPLOYMENT_TARGET = 9.3;
				MTL_ENABLE_DEBUG_INFO = NO;
				SDKROOT = iphoneos;
				TARGETED_DEVICE_FAMILY = "1,2";
				VALIDATE_PRODUCT = YES;
			};
			name = Release;
		};
		189FD5151CD883810022DFA9 /* Debug */ = {
			isa = XCBuildConfiguration;
			buildSettings = {
				ASSETCATALOG_COMPILER_APPICON_NAME = AppIcon;
				ASSETCATALOG_COMPILER_LAUNCHIMAGE_NAME = "Brand Assets";
				CODE_SIGN_IDENTITY = "iPhone Developer";
				"CODE_SIGN_IDENTITY[sdk=iphoneos*]" = "iPhone Developer";
				INFOPLIST_FILE = "百思不得姐/Info.plist";
				IPHONEOS_DEPLOYMENT_TARGET = 8.0;
				LD_RUNPATH_SEARCH_PATHS = "$(inherited) @executable_path/Frameworks";
				PRODUCT_BUNDLE_IDENTIFIER = "luoganzhi.com.-----";
				PRODUCT_NAME = "$(TARGET_NAME)";
				PROVISIONING_PROFILE = "";
				TARGETED_DEVICE_FAMILY = 1;
			};
			name = Debug;
		};
		189FD5161CD883810022DFA9 /* Release */ = {
			isa = XCBuildConfiguration;
			buildSettings = {
				ASSETCATALOG_COMPILER_APPICON_NAME = AppIcon;
				ASSETCATALOG_COMPILER_LAUNCHIMAGE_NAME = "Brand Assets";
				CODE_SIGN_IDENTITY = "iPhone Developer";
				"CODE_SIGN_IDENTITY[sdk=iphoneos*]" = "iPhone Developer";
				INFOPLIST_FILE = "百思不得姐/Info.plist";
				IPHONEOS_DEPLOYMENT_TARGET = 8.0;
				LD_RUNPATH_SEARCH_PATHS = "$(inherited) @executable_path/Frameworks";
				PRODUCT_BUNDLE_IDENTIFIER = "luoganzhi.com.-----";
				PRODUCT_NAME = "$(TARGET_NAME)";
				PROVISIONING_PROFILE = "";
				TARGETED_DEVICE_FAMILY = 1;
			};
			name = Release;
		};
		189FD5181CD883810022DFA9 /* Debug */ = {
			isa = XCBuildConfiguration;
			buildSettings = {
				BUNDLE_LOADER = "$(TEST_HOST)";
				INFOPLIST_FILE = "百思不得姐Tests/Info.plist";
				LD_RUNPATH_SEARCH_PATHS = "$(inherited) @executable_path/Frameworks @loader_path/Frameworks";
				PRODUCT_BUNDLE_IDENTIFIER = "luoganzhi.com.-----Tests";
				PRODUCT_NAME = "$(TARGET_NAME)";
				TEST_HOST = "$(BUILT_PRODUCTS_DIR)/百思不得姐.app/百思不得姐";
			};
			name = Debug;
		};
		189FD5191CD883810022DFA9 /* Release */ = {
			isa = XCBuildConfiguration;
			buildSettings = {
				BUNDLE_LOADER = "$(TEST_HOST)";
				INFOPLIST_FILE = "百思不得姐Tests/Info.plist";
				LD_RUNPATH_SEARCH_PATHS = "$(inherited) @executable_path/Frameworks @loader_path/Frameworks";
				PRODUCT_BUNDLE_IDENTIFIER = "luoganzhi.com.-----Tests";
				PRODUCT_NAME = "$(TARGET_NAME)";
				TEST_HOST = "$(BUILT_PRODUCTS_DIR)/百思不得姐.app/百思不得姐";
			};
			name = Release;
		};
		189FD51B1CD883810022DFA9 /* Debug */ = {
			isa = XCBuildConfiguration;
			buildSettings = {
				INFOPLIST_FILE = "百思不得姐UITests/Info.plist";
				LD_RUNPATH_SEARCH_PATHS = "$(inherited) @executable_path/Frameworks @loader_path/Frameworks";
				PRODUCT_BUNDLE_IDENTIFIER = "luoganzhi.com.-----UITests";
				PRODUCT_NAME = "$(TARGET_NAME)";
				TEST_TARGET_NAME = "百思不得姐";
			};
			name = Debug;
		};
		189FD51C1CD883810022DFA9 /* Release */ = {
			isa = XCBuildConfiguration;
			buildSettings = {
				INFOPLIST_FILE = "百思不得姐UITests/Info.plist";
				LD_RUNPATH_SEARCH_PATHS = "$(inherited) @executable_path/Frameworks @loader_path/Frameworks";
				PRODUCT_BUNDLE_IDENTIFIER = "luoganzhi.com.-----UITests";
				PRODUCT_NAME = "$(TARGET_NAME)";
				TEST_TARGET_NAME = "百思不得姐";
			};
			name = Release;
		};
/* End XCBuildConfiguration section */

/* Begin XCConfigurationList section */
		189FD4E21CD883810022DFA9 /* Build configuration list for PBXProject "百思不得姐" */ = {
			isa = XCConfigurationList;
			buildConfigurations = (
				189FD5121CD883810022DFA9 /* Debug */,
				189FD5131CD883810022DFA9 /* Release */,
			);
			defaultConfigurationIsVisible = 0;
			defaultConfigurationName = Release;
		};
		189FD5141CD883810022DFA9 /* Build configuration list for PBXNativeTarget "百思不得姐" */ = {
			isa = XCConfigurationList;
			buildConfigurations = (
				189FD5151CD883810022DFA9 /* Debug */,
				189FD5161CD883810022DFA9 /* Release */,
			);
			defaultConfigurationIsVisible = 0;
		};
		189FD5171CD883810022DFA9 /* Build configuration list for PBXNativeTarget "百思不得姐Tests" */ = {
			isa = XCConfigurationList;
			buildConfigurations = (
				189FD5181CD883810022DFA9 /* Debug */,
				189FD5191CD883810022DFA9 /* Release */,
			);
			defaultConfigurationIsVisible = 0;
		};
		189FD51A1CD883810022DFA9 /* Build configuration list for PBXNativeTarget "百思不得姐UITests" */ = {
			isa = XCConfigurationList;
			buildConfigurations = (
				189FD51B1CD883810022DFA9 /* Debug */,
				189FD51C1CD883810022DFA9 /* Release */,
			);
			defaultConfigurationIsVisible = 0;
		};
/* End XCConfigurationList section */
	};
	rootObject = 189FD4DF1CD883810022DFA9 /* Project object */;
}
